// !$*UTF8*$!
{
	archiveVersion = 1;
	classes = {
	};
	objectVersion = 48;
	objects = {

/* Begin PBXBuildFile section */
		591F19E82049DEC5003A9DD2 /* AppDelegate.swift in Sources */ = {isa = PBXBuildFile; fileRef = 591F19E72049DEC5003A9DD2 /* AppDelegate.swift */; };
		591F19EA2049DEC5003A9DD2 /* ViewController.swift in Sources */ = {isa = PBXBuildFile; fileRef = 591F19E92049DEC5003A9DD2 /* ViewController.swift */; };
		591F19ED2049DEC5003A9DD2 /* Main.storyboard in Resources */ = {isa = PBXBuildFile; fileRef = 591F19EB2049DEC5003A9DD2 /* Main.storyboard */; };
		591F19F02049DEC5003A9DD2 /* Raspadinha.xcdatamodeld in Sources */ = {isa = PBXBuildFile; fileRef = 591F19EE2049DEC5003A9DD2 /* Raspadinha.xcdatamodeld */; };
		591F19F22049DEC5003A9DD2 /* Assets.xcassets in Resources */ = {isa = PBXBuildFile; fileRef = 591F19F12049DEC5003A9DD2 /* Assets.xcassets */; };
		591F19F52049DEC5003A9DD2 /* LaunchScreen.storyboard in Resources */ = {isa = PBXBuildFile; fileRef = 591F19F32049DEC5003A9DD2 /* LaunchScreen.storyboard */; };
/* End PBXBuildFile section */

/* Begin PBXFileReference section */
		591F19E42049DEC5003A9DD2 /* Raspadinha.app */ = {isa = PBXFileReference; explicitFileType = wrapper.application; includeInIndex = 0; path = Raspadinha.app; sourceTree = BUILT_PRODUCTS_DIR; };
		591F19E72049DEC5003A9DD2 /* AppDelegate.swift */ = {isa = PBXFileReference; lastKnownFileType = sourcecode.swift; path = AppDelegate.swift; sourceTree = "<group>"; };
		591F19E92049DEC5003A9DD2 /* ViewController.swift */ = {isa = PBXFileReference; lastKnownFileType = sourcecode.swift; path = ViewController.swift; sourceTree = "<group>"; };
		591F19EC2049DEC5003A9DD2 /* Base */ = {isa = PBXFileReference; lastKnownFileType = file.storyboard; name = Base; path = Base.lproj/Main.storyboard; sourceTree = "<group>"; };
		591F19EF2049DEC5003A9DD2 /* Raspadinha.xcdatamodel */ = {isa = PBXFileReference; lastKnownFileType = wrapper.xcdatamodel; path = Raspadinha.xcdatamodel; sourceTree = "<group>"; };
		591F19F12049DEC5003A9DD2 /* Assets.xcassets */ = {isa = PBXFileReference; lastKnownFileType = folder.assetcatalog; path = Assets.xcassets; sourceTree = "<group>"; };
		591F19F42049DEC5003A9DD2 /* Base */ = {isa = PBXFileReference; lastKnownFileType = file.storyboard; name = Base; path = Base.lproj/LaunchScreen.storyboard; sourceTree = "<group>"; };
		591F19F62049DEC5003A9DD2 /* Info.plist */ = {isa = PBXFileReference; lastKnownFileType = text.plist.xml; path = Info.plist; sourceTree = "<group>"; };
/* End PBXFileReference section */

/* Begin PBXFrameworksBuildPhase section */
		591F19E12049DEC5003A9DD2 /* Frameworks */ = {
			isa = PBXFrameworksBuildPhase;
			buildActionMask = 2147483647;
			files = (
			);
			runOnlyForDeploymentPostprocessing = 0;
		};
/* End PBXFrameworksBuildPhase section */

/* Begin PBXGroup section */
		591F19DB2049DEC5003A9DD2 = {
			isa = PBXGroup;
			children = (
				591F19E62049DEC5003A9DD2 /* Raspadinha */,
				591F19E52049DEC5003A9DD2 /* Products */,
			);
			sourceTree = "<group>";
		};
		591F19E52049DEC5003A9DD2 /* Products */ = {
			isa = PBXGroup;
			children = (
				591F19E42049DEC5003A9DD2 /* Raspadinha.app */,
			);
			name = Products;
			sourceTree = "<group>";
		};
		591F19E62049DEC5003A9DD2 /* Raspadinha */ = {
			isa = PBXGroup;
			children = (
				591F19E72049DEC5003A9DD2 /* AppDelegate.swift */,
				591F19E92049DEC5003A9DD2 /* ViewController.swift */,
				591F19EB2049DEC5003A9DD2 /* Main.storyboard */,
				591F19F12049DEC5003A9DD2 /* Assets.xcassets */,
				591F19F32049DEC5003A9DD2 /* LaunchScreen.storyboard */,
				591F19F62049DEC5003A9DD2 /* Info.plist */,
				591F19EE2049DEC5003A9DD2 /* Raspadinha.xcdatamodeld */,
			);
			path = Raspadinha;
			sourceTree = "<group>";
		};
/* End PBXGroup section */

/* Begin PBXNativeTarget section */
		591F19E32049DEC5003A9DD2 /* Raspadinha */ = {
			isa = PBXNativeTarget;
			buildConfigurationList = 591F19F92049DEC5003A9DD2 /* Build configuration list for PBXNativeTarget "Raspadinha" */;
			buildPhases = (
				591F19E02049DEC5003A9DD2 /* Sources */,
				591F19E12049DEC5003A9DD2 /* Frameworks */,
				591F19E22049DEC5003A9DD2 /* Resources */,
			);
			buildRules = (
			);
			dependencies = (
			);
			name = Raspadinha;
			productName = Raspadinha;
			productReference = 591F19E42049DEC5003A9DD2 /* Raspadinha.app */;
			productType = "com.apple.product-type.application";
		};
/* End PBXNativeTarget section */

/* Begin PBXProject section */
		591F19DC2049DEC5003A9DD2 /* Project object */ = {
			isa = PBXProject;
			attributes = {
				LastSwiftUpdateCheck = 0920;
				LastUpgradeCheck = 0920;
				ORGANIZATIONNAME = "Renan Alves";
				TargetAttributes = {
					591F19E32049DEC5003A9DD2 = {
						CreatedOnToolsVersion = 9.2;
						ProvisioningStyle = Automatic;
					};
				};
			};
			buildConfigurationList = 591F19DF2049DEC5003A9DD2 /* Build configuration list for PBXProject "Raspadinha" */;
			compatibilityVersion = "Xcode 8.0";
			developmentRegion = en;
			hasScannedForEncodings = 0;
			knownRegions = (
				en,
				Base,
			);
			mainGroup = 591F19DB2049DEC5003A9DD2;
			productRefGroup = 591F19E52049DEC5003A9DD2 /* Products */;
			projectDirPath = "";
			projectRoot = "";
			targets = (
				591F19E32049DEC5003A9DD2 /* Raspadinha */,
			);
		};
/* End PBXProject section */

/* Begin PBXResourcesBuildPhase section */
		591F19E22049DEC5003A9DD2 /* Resources */ = {
			isa = PBXResourcesBuildPhase;
			buildActionMask = 2147483647;
			files = (
				591F19F52049DEC5003A9DD2 /* LaunchScreen.storyboard in Resources */,
				591F19F22049DEC5003A9DD2 /* Assets.xcassets in Resources */,
				591F19ED2049DEC5003A9DD2 /* Main.storyboard in Resources */,
			);
			runOnlyForDeploymentPostprocessing = 0;
		};
/* End PBXResourcesBuildPhase section */

/* Begin PBXSourcesBuildPhase section */
		591F19E02049DEC5003A9DD2 /* Sources */ = {
			isa = PBXSourcesBuildPhase;
			buildActionMask = 2147483647;
			files = (
				591F19EA2049DEC5003A9DD2 /* ViewController.swift in Sources */,
				591F19E82049DEC5003A9DD2 /* AppDelegate.swift in Sources */,
				591F19F02049DEC5003A9DD2 /* Raspadinha.xcdatamodeld in Sources */,
			);
			runOnlyForDeploymentPostprocessing = 0;
		};
/* End PBXSourcesBuildPhase section */

/* Begin PBXVariantGroup section */
		591F19EB2049DEC5003A9DD2 /* Main.storyboard */ = {
			isa = PBXVariantGroup;
			children = (
				591F19EC2049DEC5003A9DD2 /* Base */,
			);
			name = Main.storyboard;
			sourceTree = "<group>";
		};
		591F19F32049DEC5003A9DD2 /* LaunchScreen.storyboard */ = {
			isa = PBXVariantGroup;
			children = (
				591F19F42049DEC5003A9DD2 /* Base */,
			);
			name = LaunchScreen.storyboard;
			sourceTree = "<group>";
		};
/* End PBXVariantGroup section */

/* Begin XCBuildConfiguration section */
		591F19F72049DEC5003A9DD2 /* Debug */ = {
			isa = XCBuildConfiguration;
			buildSettings = {
				ALWAYS_SEARCH_USER_PATHS = NO;
				CLANG_ANALYZER_NONNULL = YES;
				CLANG_ANALYZER_NUMBER_OBJECT_CONVERSION = YES_AGGRESSIVE;
				CLANG_CXX_LANGUAGE_STANDARD = "gnu++14";
				CLANG_CXX_LIBRARY = "libc++";
				CLANG_ENABLE_MODULES = YES;
				CLANG_ENABLE_OBJC_ARC = YES;
				CLANG_WARN_BLOCK_CAPTURE_AUTORELEASING = YES;
				CLANG_WARN_BOOL_CONVERSION = YES;
				CLANG_WARN_COMMA = YES;
				CLANG_WARN_CONSTANT_CONVERSION = YES;
				CLANG_WARN_DIRECT_OBJC_ISA_USAGE = YES_ERROR;
				CLANG_WARN_DOCUMENTATION_COMMENTS = YES;
				CLANG_WARN_EMPTY_BODY = YES;
				CLANG_WARN_ENUM_CONVERSION = YES;
				CLANG_WARN_INFINITE_RECURSION = YES;
				CLANG_WARN_INT_CONVERSION = YES;
				CLANG_WARN_NON_LITERAL_NULL_CONVERSION = YES;
				CLANG_WARN_OBJC_LITERAL_CONVERSION = YES;
				CLANG_WARN_OBJC_ROOT_CLASS = YES_ERROR;
				CLANG_WARN_RANGE_LOOP_ANALYSIS = YES;
				CLANG_WARN_STRICT_PROTOTYPES = YES;
				CLANG_WARN_SUSPICIOUS_MOVE = YES;
				CLANG_WARN_UNGUARDED_AVAILABILITY = YES_AGGRESSIVE;
				CLANG_WARN_UNREACHABLE_CODE = YES;
				CLANG_WARN__DUPLICATE_METHOD_MATCH = YES;
				CODE_SIGN_IDENTITY = "iPhone Developer";
				COPY_PHASE_STRIP = NO;
				DEBUG_INFORMATION_FORMAT = dwarf;
				ENABLE_STRICT_OBJC_MSGSEND = YES;
				ENABLE_TESTABILITY = YES;
				GCC_C_LANGUAGE_STANDARD = gnu11;
				GCC_DYNAMIC_NO_PIC = NO;
				GCC_NO_COMMON_BLOCKS = YES;
				GCC_OPTIMIZATION_LEVEL = 0;
				GCC_PREPROCESSOR_DEFINITIONS = (
					"DEBUG=1",
					"$(inherited)",
				);
				GCC_WARN_64_TO_32_BIT_CONVERSION = YES;
				GCC_WARN_ABOUT_RETURN_TYPE = YES_ERROR;
				GCC_WARN_UNDECLARED_SELECTOR = YES;
				GCC_WARN_UNINITIALIZED_AUTOS = YES_AGGRESSIVE;
				GCC_WARN_UNUSED_FUNCTION = YES;
				GCC_WARN_UNUSED_VARIABLE = YES;
				IPHONEOS_DEPLOYMENT_TARGET = 11.2;
				MTL_ENABLE_DEBUG_INFO = YES;
				ONLY_ACTIVE_ARCH = YES;
				SDKROOT = iphoneos;
				SWIFT_ACTIVE_COMPILATION_CONDITIONS = DEBUG;
				SWIFT_OPTIMIZATION_LEVEL = "-Onone";
			};
			name = Debug;
		};
		591F19F82049DEC5003A9DD2 /* Release */ = {
			isa = XCBuildConfiguration;
			buildSettings = {
				ALWAYS_SEARCH_USER_PATHS = NO;
				CLANG_ANALYZER_NONNULL = YES;
				CLANG_ANALYZER_NUMBER_OBJECT_CONVERSION = YES_AGGRESSIVE;
				CLANG_CXX_LANGUAGE_STANDARD = "gnu++14";
				CLANG_CXX_LIBRARY = "libc++";
				CLANG_ENABLE_MODULES = YES;
				CLANG_ENABLE_OBJC_ARC = YES;
				CLANG_WARN_BLOCK_CAPTURE_AUTORELEASING = YES;
				CLANG_WARN_BOOL_CONVERSION = YES;
				CLANG_WARN_COMMA = YES;
				CLANG_WARN_CONSTANT_CONVERSION = YES;
				CLANG_WARN_DIRECT_OBJC_ISA_USAGE = YES_ERROR;
				CLANG_WARN_DOCUMENTATION_COMMENTS = YES;
				CLANG_WARN_EMPTY_BODY = YES;
				CLANG_WARN_ENUM_CONVERSION = YES;
				CLANG_WARN_INFINITE_RECURSION = YES;
				CLANG_WARN_INT_CONVERSION = YES;
				CLANG_WARN_NON_LITERAL_NULL_CONVERSION = YES;
				CLANG_WARN_OBJC_LITERAL_CONVERSION = YES;
				CLANG_WARN_OBJC_ROOT_CLASS = YES_ERROR;
				CLANG_WARN_RANGE_LOOP_ANALYSIS = YES;
				CLANG_WARN_STRICT_PROTOTYPES = YES;
				CLANG_WARN_SUSPICIOUS_MOVE = YES;
				CLANG_WARN_UNGUARDED_AVAILABILITY = YES_AGGRESSIVE;
				CLANG_WARN_UNREACHABLE_CODE = YES;
				CLANG_WARN__DUPLICATE_METHOD_MATCH = YES;
				CODE_SIGN_IDENTITY = "iPhone Developer";
				COPY_PHASE_STRIP = NO;
				DEBUG_INFORMATION_FORMAT = "dwarf-with-dsym";
				ENABLE_NS_ASSERTIONS = NO;
				ENABLE_STRICT_OBJC_MSGSEND = YES;
				GCC_C_LANGUAGE_STANDARD = gnu11;
				GCC_NO_COMMON_BLOCKS = YES;
				GCC_WARN_64_TO_32_BIT_CONVERSION = YES;
				GCC_WARN_ABOUT_RETURN_TYPE = YES_ERROR;
				GCC_WARN_UNDECLARED_SELECTOR = YES;
				GCC_WARN_UNINITIALIZED_AUTOS = YES_AGGRESSIVE;
				GCC_WARN_UNUSED_FUNCTION = YES;
				GCC_WARN_UNUSED_VARIABLE = YES;
				IPHONEOS_DEPLOYMENT_TARGET = 11.2;
				MTL_ENABLE_DEBUG_INFO = NO;
				SDKROOT = iphoneos;
				SWIFT_OPTIMIZATION_LEVEL = "-Owholemodule";
				VALIDATE_PRODUCT = YES;
			};
			name = Release;
		};
		591F19FA2049DEC5003A9DD2 /* Debug */ = {
			isa = XCBuildConfiguration;
			buildSettings = {
				ASSETCATALOG_COMPILER_APPICON_NAME = AppIcon;
				CODE_SIGN_STYLE = Automatic;
				DEVELOPMENT_TEAM = 8A5455B8KE;
				INFOPLIST_FILE = Raspadinha/Info.plist;
				LD_RUNPATH_SEARCH_PATHS = "$(inherited) @executable_path/Frameworks";
				PRODUCT_BUNDLE_IDENTIFIER = br.com.renan.higor.Raspadinha;
				PRODUCT_NAME = "$(TARGET_NAME)";
				SWIFT_VERSION = 4.0;
				TARGETED_DEVICE_FAMILY = "1,2";
			};
			name = Debug;
		};
		591F19FB2049DEC5003A9DD2 /* Release */ = {
			isa = XCBuildConfiguration;
			buildSettings = {
				ASSETCATALOG_COMPILER_APPICON_NAME = AppIcon;
				CODE_SIGN_STYLE = Automatic;
				DEVELOPMENT_TEAM = 8A5455B8KE;
				INFOPLIST_FILE = Raspadinha/Info.plist;
				LD_RUNPATH_SEARCH_PATHS = "$(inherited) @executable_path/Frameworks";
				PRODUCT_BUNDLE_IDENTIFIER = br.com.renan.higor.Raspadinha;
				PRODUCT_NAME = "$(TARGET_NAME)";
				SWIFT_VERSION = 4.0;
				TARGETED_DEVICE_FAMILY = "1,2";
			};
			name = Release;
		};
/* End XCBuildConfiguration section */

/* Begin XCConfigurationList section */
		591F19DF2049DEC5003A9DD2 /* Build configuration list for PBXProject "Raspadinha" */ = {
			isa = XCConfigurationList;
			buildConfigurations = (
				591F19F72049DEC5003A9DD2 /* Debug */,
				591F19F82049DEC5003A9DD2 /* Release */,
			);
			defaultConfigurationIsVisible = 0;
			defaultConfigurationName = Release;
		};
		591F19F92049DEC5003A9DD2 /* Build configuration list for PBXNativeTarget "Raspadinha" */ = {
			isa = XCConfigurationList;
			buildConfigurations = (
				591F19FA2049DEC5003A9DD2 /* Debug */,
				591F19FB2049DEC5003A9DD2 /* Release */,
			);
			defaultConfigurationIsVisible = 0;
			defaultConfigurationName = Release;
		};
/* End XCConfigurationList section */

/* Begin XCVersionGroup section */
		591F19EE2049DEC5003A9DD2 /* Raspadinha.xcdatamodeld */ = {
			isa = XCVersionGroup;
			children = (
				591F19EF2049DEC5003A9DD2 /* Raspadinha.xcdatamodel */,
			);
			currentVersion = 591F19EF2049DEC5003A9DD2 /* Raspadinha.xcdatamodel */;
			path = Raspadinha.xcdatamodeld;
			sourceTree = "<group>";
			versionGroupType = wrapper.xcdatamodel;
		};
/* End XCVersionGroup section */
	};
	rootObject = 591F19DC2049DEC5003A9DD2 /* Project object */;
}
