// !$*UTF8*$!
{
	archiveVersion = 1;
	classes = {
	};
	objectVersion = 50;
	objects = {

/* Begin PBXBuildFile section */
		599E3C542191BF2B00EA9F56 /* AppDelegate.swift in Sources */ = {isa = PBXBuildFile; fileRef = 599E3C532191BF2B00EA9F56 /* AppDelegate.swift */; };
		599E3C5B2191BF2C00EA9F56 /* Assets.xcassets in Resources */ = {isa = PBXBuildFile; fileRef = 599E3C5A2191BF2C00EA9F56 /* Assets.xcassets */; };
		599E3C5E2191BF2C00EA9F56 /* LaunchScreen.storyboard in Resources */ = {isa = PBXBuildFile; fileRef = 599E3C5C2191BF2C00EA9F56 /* LaunchScreen.storyboard */; };
		599E3C692191BF2C00EA9F56 /* AppMoviewFullCodeTests.swift in Sources */ = {isa = PBXBuildFile; fileRef = 599E3C682191BF2C00EA9F56 /* AppMoviewFullCodeTests.swift */; };
		599E3C742191BF6F00EA9F56 /* MoviesCollectionViewController.swift in Sources */ = {isa = PBXBuildFile; fileRef = 599E3C732191BF6F00EA9F56 /* MoviesCollectionViewController.swift */; };
		599E3C762191F13100EA9F56 /* MovieCollectionCell.swift in Sources */ = {isa = PBXBuildFile; fileRef = 599E3C752191F13100EA9F56 /* MovieCollectionCell.swift */; };
/* End PBXBuildFile section */

/* Begin PBXContainerItemProxy section */
		599E3C652191BF2C00EA9F56 /* PBXContainerItemProxy */ = {
			isa = PBXContainerItemProxy;
			containerPortal = 599E3C482191BF2B00EA9F56 /* Project object */;
			proxyType = 1;
			remoteGlobalIDString = 599E3C4F2191BF2B00EA9F56;
			remoteInfo = AppMoviewFullCode;
		};
/* End PBXContainerItemProxy section */

/* Begin PBXFileReference section */
		599E3C502191BF2B00EA9F56 /* AppMoviewFullCode.app */ = {isa = PBXFileReference; explicitFileType = wrapper.application; includeInIndex = 0; path = AppMoviewFullCode.app; sourceTree = BUILT_PRODUCTS_DIR; };
		599E3C532191BF2B00EA9F56 /* AppDelegate.swift */ = {isa = PBXFileReference; lastKnownFileType = sourcecode.swift; path = AppDelegate.swift; sourceTree = "<group>"; };
		599E3C5A2191BF2C00EA9F56 /* Assets.xcassets */ = {isa = PBXFileReference; lastKnownFileType = folder.assetcatalog; path = Assets.xcassets; sourceTree = "<group>"; };
		599E3C5D2191BF2C00EA9F56 /* Base */ = {isa = PBXFileReference; lastKnownFileType = file.storyboard; name = Base; path = Base.lproj/LaunchScreen.storyboard; sourceTree = "<group>"; };
		599E3C5F2191BF2C00EA9F56 /* Info.plist */ = {isa = PBXFileReference; lastKnownFileType = text.plist.xml; path = Info.plist; sourceTree = "<group>"; };
		599E3C642191BF2C00EA9F56 /* AppMoviewFullCodeTests.xctest */ = {isa = PBXFileReference; explicitFileType = wrapper.cfbundle; includeInIndex = 0; path = AppMoviewFullCodeTests.xctest; sourceTree = BUILT_PRODUCTS_DIR; };
		599E3C682191BF2C00EA9F56 /* AppMoviewFullCodeTests.swift */ = {isa = PBXFileReference; lastKnownFileType = sourcecode.swift; path = AppMoviewFullCodeTests.swift; sourceTree = "<group>"; };
		599E3C6A2191BF2C00EA9F56 /* Info.plist */ = {isa = PBXFileReference; lastKnownFileType = text.plist.xml; path = Info.plist; sourceTree = "<group>"; };
		599E3C732191BF6F00EA9F56 /* MoviesCollectionViewController.swift */ = {isa = PBXFileReference; lastKnownFileType = sourcecode.swift; path = MoviesCollectionViewController.swift; sourceTree = "<group>"; };
		599E3C752191F13100EA9F56 /* MovieCollectionCell.swift */ = {isa = PBXFileReference; lastKnownFileType = sourcecode.swift; path = MovieCollectionCell.swift; sourceTree = "<group>"; };
/* End PBXFileReference section */

/* Begin PBXFrameworksBuildPhase section */
		599E3C4D2191BF2B00EA9F56 /* Frameworks */ = {
			isa = PBXFrameworksBuildPhase;
			buildActionMask = 2147483647;
			files = (
			);
			runOnlyForDeploymentPostprocessing = 0;
		};
		599E3C612191BF2C00EA9F56 /* Frameworks */ = {
			isa = PBXFrameworksBuildPhase;
			buildActionMask = 2147483647;
			files = (
			);
			runOnlyForDeploymentPostprocessing = 0;
		};
/* End PBXFrameworksBuildPhase section */

/* Begin PBXGroup section */
		599E3C472191BF2B00EA9F56 = {
			isa = PBXGroup;
			children = (
				599E3C522191BF2B00EA9F56 /* AppMoviewFullCode */,
				599E3C672191BF2C00EA9F56 /* AppMoviewFullCodeTests */,
				599E3C512191BF2B00EA9F56 /* Products */,
			);
			sourceTree = "<group>";
		};
		599E3C512191BF2B00EA9F56 /* Products */ = {
			isa = PBXGroup;
			children = (
				599E3C502191BF2B00EA9F56 /* AppMoviewFullCode.app */,
				599E3C642191BF2C00EA9F56 /* AppMoviewFullCodeTests.xctest */,
			);
			name = Products;
			sourceTree = "<group>";
		};
		599E3C522191BF2B00EA9F56 /* AppMoviewFullCode */ = {
			isa = PBXGroup;
			children = (
				599E3C532191BF2B00EA9F56 /* AppDelegate.swift */,
				599E3C5A2191BF2C00EA9F56 /* Assets.xcassets */,
				599E3C5C2191BF2C00EA9F56 /* LaunchScreen.storyboard */,
				599E3C5F2191BF2C00EA9F56 /* Info.plist */,
				599E3C732191BF6F00EA9F56 /* MoviesCollectionViewController.swift */,
				599E3C752191F13100EA9F56 /* MovieCollectionCell.swift */,
			);
			path = AppMoviewFullCode;
			sourceTree = "<group>";
		};
		599E3C672191BF2C00EA9F56 /* AppMoviewFullCodeTests */ = {
			isa = PBXGroup;
			children = (
				599E3C682191BF2C00EA9F56 /* AppMoviewFullCodeTests.swift */,
				599E3C6A2191BF2C00EA9F56 /* Info.plist */,
			);
			path = AppMoviewFullCodeTests;
			sourceTree = "<group>";
		};
/* End PBXGroup section */

/* Begin PBXNativeTarget section */
		599E3C4F2191BF2B00EA9F56 /* AppMoviewFullCode */ = {
			isa = PBXNativeTarget;
			buildConfigurationList = 599E3C6D2191BF2C00EA9F56 /* Build configuration list for PBXNativeTarget "AppMoviewFullCode" */;
			buildPhases = (
				599E3C4C2191BF2B00EA9F56 /* Sources */,
				599E3C4D2191BF2B00EA9F56 /* Frameworks */,
				599E3C4E2191BF2B00EA9F56 /* Resources */,
			);
			buildRules = (
			);
			dependencies = (
			);
			name = AppMoviewFullCode;
			productName = AppMoviewFullCode;
			productReference = 599E3C502191BF2B00EA9F56 /* AppMoviewFullCode.app */;
			productType = "com.apple.product-type.application";
		};
		599E3C632191BF2C00EA9F56 /* AppMoviewFullCodeTests */ = {
			isa = PBXNativeTarget;
			buildConfigurationList = 599E3C702191BF2C00EA9F56 /* Build configuration list for PBXNativeTarget "AppMoviewFullCodeTests" */;
			buildPhases = (
				599E3C602191BF2C00EA9F56 /* Sources */,
				599E3C612191BF2C00EA9F56 /* Frameworks */,
				599E3C622191BF2C00EA9F56 /* Resources */,
			);
			buildRules = (
			);
			dependencies = (
				599E3C662191BF2C00EA9F56 /* PBXTargetDependency */,
			);
			name = AppMoviewFullCodeTests;
			productName = AppMoviewFullCodeTests;
			productReference = 599E3C642191BF2C00EA9F56 /* AppMoviewFullCodeTests.xctest */;
			productType = "com.apple.product-type.bundle.unit-test";
		};
/* End PBXNativeTarget section */

/* Begin PBXProject section */
		599E3C482191BF2B00EA9F56 /* Project object */ = {
			isa = PBXProject;
			attributes = {
				LastSwiftUpdateCheck = 1000;
				LastUpgradeCheck = 1000;
				ORGANIZATIONNAME = "Renan Alves";
				TargetAttributes = {
					599E3C4F2191BF2B00EA9F56 = {
						CreatedOnToolsVersion = 10.0;
					};
					599E3C632191BF2C00EA9F56 = {
						CreatedOnToolsVersion = 10.0;
						TestTargetID = 599E3C4F2191BF2B00EA9F56;
					};
				};
			};
			buildConfigurationList = 599E3C4B2191BF2B00EA9F56 /* Build configuration list for PBXProject "AppMoviewFullCode" */;
			compatibilityVersion = "Xcode 9.3";
			developmentRegion = en;
			hasScannedForEncodings = 0;
			knownRegions = (
				en,
				Base,
			);
			mainGroup = 599E3C472191BF2B00EA9F56;
			productRefGroup = 599E3C512191BF2B00EA9F56 /* Products */;
			projectDirPath = "";
			projectRoot = "";
			targets = (
				599E3C4F2191BF2B00EA9F56 /* AppMoviewFullCode */,
				599E3C632191BF2C00EA9F56 /* AppMoviewFullCodeTests */,
			);
		};
/* End PBXProject section */

/* Begin PBXResourcesBuildPhase section */
		599E3C4E2191BF2B00EA9F56 /* Resources */ = {
			isa = PBXResourcesBuildPhase;
			buildActionMask = 2147483647;
			files = (
				599E3C5E2191BF2C00EA9F56 /* LaunchScreen.storyboard in Resources */,
				599E3C5B2191BF2C00EA9F56 /* Assets.xcassets in Resources */,
			);
			runOnlyForDeploymentPostprocessing = 0;
		};
		599E3C622191BF2C00EA9F56 /* Resources */ = {
			isa = PBXResourcesBuildPhase;
			buildActionMask = 2147483647;
			files = (
			);
			runOnlyForDeploymentPostprocessing = 0;
		};
/* End PBXResourcesBuildPhase section */

/* Begin PBXSourcesBuildPhase section */
		599E3C4C2191BF2B00EA9F56 /* Sources */ = {
			isa = PBXSourcesBuildPhase;
			buildActionMask = 2147483647;
			files = (
				599E3C762191F13100EA9F56 /* MovieCollectionCell.swift in Sources */,
				599E3C542191BF2B00EA9F56 /* AppDelegate.swift in Sources */,
				599E3C742191BF6F00EA9F56 /* MoviesCollectionViewController.swift in Sources */,
			);
			runOnlyForDeploymentPostprocessing = 0;
		};
		599E3C602191BF2C00EA9F56 /* Sources */ = {
			isa = PBXSourcesBuildPhase;
			buildActionMask = 2147483647;
			files = (
				599E3C692191BF2C00EA9F56 /* AppMoviewFullCodeTests.swift in Sources */,
			);
			runOnlyForDeploymentPostprocessing = 0;
		};
/* End PBXSourcesBuildPhase section */

/* Begin PBXTargetDependency section */
		599E3C662191BF2C00EA9F56 /* PBXTargetDependency */ = {
			isa = PBXTargetDependency;
			target = 599E3C4F2191BF2B00EA9F56 /* AppMoviewFullCode */;
			targetProxy = 599E3C652191BF2C00EA9F56 /* PBXContainerItemProxy */;
		};
/* End PBXTargetDependency section */

/* Begin PBXVariantGroup section */
		599E3C5C2191BF2C00EA9F56 /* LaunchScreen.storyboard */ = {
			isa = PBXVariantGroup;
			children = (
				599E3C5D2191BF2C00EA9F56 /* Base */,
			);
			name = LaunchScreen.storyboard;
			sourceTree = "<group>";
		};
/* End PBXVariantGroup section */

/* Begin XCBuildConfiguration section */
		599E3C6B2191BF2C00EA9F56 /* Debug */ = {
			isa = XCBuildConfiguration;
			buildSettings = {
				ALWAYS_SEARCH_USER_PATHS = NO;
				CLANG_ANALYZER_NONNULL = YES;
				CLANG_ANALYZER_NUMBER_OBJECT_CONVERSION = YES_AGGRESSIVE;
				CLANG_CXX_LANGUAGE_STANDARD = "gnu++14";
				CLANG_CXX_LIBRARY = "libc++";
				CLANG_ENABLE_MODULES = YES;
				CLANG_ENABLE_OBJC_ARC = YES;
				CLANG_ENABLE_OBJC_WEAK = YES;
				CLANG_WARN_BLOCK_CAPTURE_AUTORELEASING = YES;
				CLANG_WARN_BOOL_CONVERSION = YES;
				CLANG_WARN_COMMA = YES;
				CLANG_WARN_CONSTANT_CONVERSION = YES;
				CLANG_WARN_DEPRECATED_OBJC_IMPLEMENTATIONS = YES;
				CLANG_WARN_DIRECT_OBJC_ISA_USAGE = YES_ERROR;
				CLANG_WARN_DOCUMENTATION_COMMENTS = YES;
				CLANG_WARN_EMPTY_BODY = YES;
				CLANG_WARN_ENUM_CONVERSION = YES;
				CLANG_WARN_INFINITE_RECURSION = YES;
				CLANG_WARN_INT_CONVERSION = YES;
				CLANG_WARN_NON_LITERAL_NULL_CONVERSION = YES;
				CLANG_WARN_OBJC_IMPLICIT_RETAIN_SELF = YES;
				CLANG_WARN_OBJC_LITERAL_CONVERSION = YES;
				CLANG_WARN_OBJC_ROOT_CLASS = YES_ERROR;
				CLANG_WARN_RANGE_LOOP_ANALYSIS = YES;
				CLANG_WARN_STRICT_PROTOTYPES = YES;
				CLANG_WARN_SUSPICIOUS_MOVE = YES;
				CLANG_WARN_UNGUARDED_AVAILABILITY = YES_AGGRESSIVE;
				CLANG_WARN_UNREACHABLE_CODE = YES;
				CLANG_WARN__DUPLICATE_METHOD_MATCH = YES;
				CODE_SIGN_IDENTITY = "iPhone Developer";
				COPY_PHASE_STRIP = NO;
				DEBUG_INFORMATION_FORMAT = dwarf;
				ENABLE_STRICT_OBJC_MSGSEND = YES;
				ENABLE_TESTABILITY = YES;
				GCC_C_LANGUAGE_STANDARD = gnu11;
				GCC_DYNAMIC_NO_PIC = NO;
				GCC_NO_COMMON_BLOCKS = YES;
				GCC_OPTIMIZATION_LEVEL = 0;
				GCC_PREPROCESSOR_DEFINITIONS = (
					"DEBUG=1",
					"$(inherited)",
				);
				GCC_WARN_64_TO_32_BIT_CONVERSION = YES;
				GCC_WARN_ABOUT_RETURN_TYPE = YES_ERROR;
				GCC_WARN_UNDECLARED_SELECTOR = YES;
				GCC_WARN_UNINITIALIZED_AUTOS = YES_AGGRESSIVE;
				GCC_WARN_UNUSED_FUNCTION = YES;
				GCC_WARN_UNUSED_VARIABLE = YES;
				IPHONEOS_DEPLOYMENT_TARGET = 12.0;
				MTL_ENABLE_DEBUG_INFO = INCLUDE_SOURCE;
				MTL_FAST_MATH = YES;
				ONLY_ACTIVE_ARCH = YES;
				SDKROOT = iphoneos;
				SWIFT_ACTIVE_COMPILATION_CONDITIONS = DEBUG;
				SWIFT_OPTIMIZATION_LEVEL = "-Onone";
			};
			name = Debug;
		};
		599E3C6C2191BF2C00EA9F56 /* Release */ = {
			isa = XCBuildConfiguration;
			buildSettings = {
				ALWAYS_SEARCH_USER_PATHS = NO;
				CLANG_ANALYZER_NONNULL = YES;
				CLANG_ANALYZER_NUMBER_OBJECT_CONVERSION = YES_AGGRESSIVE;
				CLANG_CXX_LANGUAGE_STANDARD = "gnu++14";
				CLANG_CXX_LIBRARY = "libc++";
				CLANG_ENABLE_MODULES = YES;
				CLANG_ENABLE_OBJC_ARC = YES;
				CLANG_ENABLE_OBJC_WEAK = YES;
				CLANG_WARN_BLOCK_CAPTURE_AUTORELEASING = YES;
				CLANG_WARN_BOOL_CONVERSION = YES;
				CLANG_WARN_COMMA = YES;
				CLANG_WARN_CONSTANT_CONVERSION = YES;
				CLANG_WARN_DEPRECATED_OBJC_IMPLEMENTATIONS = YES;
				CLANG_WARN_DIRECT_OBJC_ISA_USAGE = YES_ERROR;
				CLANG_WARN_DOCUMENTATION_COMMENTS = YES;
				CLANG_WARN_EMPTY_BODY = YES;
				CLANG_WARN_ENUM_CONVERSION = YES;
				CLANG_WARN_INFINITE_RECURSION = YES;
				CLANG_WARN_INT_CONVERSION = YES;
				CLANG_WARN_NON_LITERAL_NULL_CONVERSION = YES;
				CLANG_WARN_OBJC_IMPLICIT_RETAIN_SELF = YES;
				CLANG_WARN_OBJC_LITERAL_CONVERSION = YES;
				CLANG_WARN_OBJC_ROOT_CLASS = YES_ERROR;
				CLANG_WARN_RANGE_LOOP_ANALYSIS = YES;
				CLANG_WARN_STRICT_PROTOTYPES = YES;
				CLANG_WARN_SUSPICIOUS_MOVE = YES;
				CLANG_WARN_UNGUARDED_AVAILABILITY = YES_AGGRESSIVE;
				CLANG_WARN_UNREACHABLE_CODE = YES;
				CLANG_WARN__DUPLICATE_METHOD_MATCH = YES;
				CODE_SIGN_IDENTITY = "iPhone Developer";
				COPY_PHASE_STRIP = NO;
				DEBUG_INFORMATION_FORMAT = "dwarf-with-dsym";
				ENABLE_NS_ASSERTIONS = NO;
				ENABLE_STRICT_OBJC_MSGSEND = YES;
				GCC_C_LANGUAGE_STANDARD = gnu11;
				GCC_NO_COMMON_BLOCKS = YES;
				GCC_WARN_64_TO_32_BIT_CONVERSION = YES;
				GCC_WARN_ABOUT_RETURN_TYPE = YES_ERROR;
				GCC_WARN_UNDECLARED_SELECTOR = YES;
				GCC_WARN_UNINITIALIZED_AUTOS = YES_AGGRESSIVE;
				GCC_WARN_UNUSED_FUNCTION = YES;
				GCC_WARN_UNUSED_VARIABLE = YES;
				IPHONEOS_DEPLOYMENT_TARGET = 12.0;
				MTL_ENABLE_DEBUG_INFO = NO;
				MTL_FAST_MATH = YES;
				SDKROOT = iphoneos;
				SWIFT_COMPILATION_MODE = wholemodule;
				SWIFT_OPTIMIZATION_LEVEL = "-O";
				VALIDATE_PRODUCT = YES;
			};
			name = Release;
		};
		599E3C6E2191BF2C00EA9F56 /* Debug */ = {
			isa = XCBuildConfiguration;
			buildSettings = {
				ASSETCATALOG_COMPILER_APPICON_NAME = AppIcon;
				CODE_SIGN_STYLE = Automatic;
				DEVELOPMENT_TEAM = 8A5455B8KE;
				INFOPLIST_FILE = AppMoviewFullCode/Info.plist;
				LD_RUNPATH_SEARCH_PATHS = (
					"$(inherited)",
					"@executable_path/Frameworks",
				);
				PRODUCT_BUNDLE_IDENTIFIER = br.com.renan.higor.AppMoviewFullCode;
				PRODUCT_NAME = "$(TARGET_NAME)";
				SWIFT_VERSION = 4.2;
				TARGETED_DEVICE_FAMILY = "1,2";
			};
			name = Debug;
		};
		599E3C6F2191BF2C00EA9F56 /* Release */ = {
			isa = XCBuildConfiguration;
			buildSettings = {
				ASSETCATALOG_COMPILER_APPICON_NAME = AppIcon;
				CODE_SIGN_STYLE = Automatic;
				DEVELOPMENT_TEAM = 8A5455B8KE;
				INFOPLIST_FILE = AppMoviewFullCode/Info.plist;
				LD_RUNPATH_SEARCH_PATHS = (
					"$(inherited)",
					"@executable_path/Frameworks",
				);
				PRODUCT_BUNDLE_IDENTIFIER = br.com.renan.higor.AppMoviewFullCode;
				PRODUCT_NAME = "$(TARGET_NAME)";
				SWIFT_VERSION = 4.2;
				TARGETED_DEVICE_FAMILY = "1,2";
			};
			name = Release;
		};
		599E3C712191BF2C00EA9F56 /* Debug */ = {
			isa = XCBuildConfiguration;
			buildSettings = {
				ALWAYS_EMBED_SWIFT_STANDARD_LIBRARIES = YES;
				BUNDLE_LOADER = "$(TEST_HOST)";
				CODE_SIGN_STYLE = Automatic;
				DEVELOPMENT_TEAM = 8A5455B8KE;
				INFOPLIST_FILE = AppMoviewFullCodeTests/Info.plist;
				LD_RUNPATH_SEARCH_PATHS = (
					"$(inherited)",
					"@executable_path/Frameworks",
					"@loader_path/Frameworks",
				);
				PRODUCT_BUNDLE_IDENTIFIER = br.com.renan.higor.AppMoviewFullCodeTests;
				PRODUCT_NAME = "$(TARGET_NAME)";
				SWIFT_VERSION = 4.2;
				TARGETED_DEVICE_FAMILY = "1,2";
				TEST_HOST = "$(BUILT_PRODUCTS_DIR)/AppMoviewFullCode.app/AppMoviewFullCode";
			};
			name = Debug;
		};
		599E3C722191BF2C00EA9F56 /* Release */ = {
			isa = XCBuildConfiguration;
			buildSettings = {
				ALWAYS_EMBED_SWIFT_STANDARD_LIBRARIES = YES;
				BUNDLE_LOADER = "$(TEST_HOST)";
				CODE_SIGN_STYLE = Automatic;
				DEVELOPMENT_TEAM = 8A5455B8KE;
				INFOPLIST_FILE = AppMoviewFullCodeTests/Info.plist;
				LD_RUNPATH_SEARCH_PATHS = (
					"$(inherited)",
					"@executable_path/Frameworks",
					"@loader_path/Frameworks",
				);
				PRODUCT_BUNDLE_IDENTIFIER = br.com.renan.higor.AppMoviewFullCodeTests;
				PRODUCT_NAME = "$(TARGET_NAME)";
				SWIFT_VERSION = 4.2;
				TARGETED_DEVICE_FAMILY = "1,2";
				TEST_HOST = "$(BUILT_PRODUCTS_DIR)/AppMoviewFullCode.app/AppMoviewFullCode";
			};
			name = Release;
		};
/* End XCBuildConfiguration section */

/* Begin XCConfigurationList section */
		599E3C4B2191BF2B00EA9F56 /* Build configuration list for PBXProject "AppMoviewFullCode" */ = {
			isa = XCConfigurationList;
			buildConfigurations = (
				599E3C6B2191BF2C00EA9F56 /* Debug */,
				599E3C6C2191BF2C00EA9F56 /* Release */,
			);
			defaultConfigurationIsVisible = 0;
			defaultConfigurationName = Release;
		};
		599E3C6D2191BF2C00EA9F56 /* Build configuration list for PBXNativeTarget "AppMoviewFullCode" */ = {
			isa = XCConfigurationList;
			buildConfigurations = (
				599E3C6E2191BF2C00EA9F56 /* Debug */,
				599E3C6F2191BF2C00EA9F56 /* Release */,
			);
			defaultConfigurationIsVisible = 0;
			defaultConfigurationName = Release;
		};
		599E3C702191BF2C00EA9F56 /* Build configuration list for PBXNativeTarget "AppMoviewFullCodeTests" */ = {
			isa = XCConfigurationList;
			buildConfigurations = (
				599E3C712191BF2C00EA9F56 /* Debug */,
				599E3C722191BF2C00EA9F56 /* Release */,
			);
			defaultConfigurationIsVisible = 0;
			defaultConfigurationName = Release;
		};
/* End XCConfigurationList section */
	};
	rootObject = 599E3C482191BF2B00EA9F56 /* Project object */;
}
