// !$*UTF8*$!
{
	archiveVersion = 1;
	classes = {
	};
	objectVersion = 48;
	objects = {

/* Begin PBXBuildFile section */
		59E31FDF2037604B00DD9B48 /* AppDelegate.swift in Sources */ = {isa = PBXBuildFile; fileRef = 59E31FDE2037604B00DD9B48 /* AppDelegate.swift */; };
		59E31FE12037604B00DD9B48 /* ViewController.swift in Sources */ = {isa = PBXBuildFile; fileRef = 59E31FE02037604B00DD9B48 /* ViewController.swift */; };
		59E31FE42037604B00DD9B48 /* testandoCollection.xcdatamodeld in Sources */ = {isa = PBXBuildFile; fileRef = 59E31FE22037604B00DD9B48 /* testandoCollection.xcdatamodeld */; };
		59E31FE72037604B00DD9B48 /* Main.storyboard in Resources */ = {isa = PBXBuildFile; fileRef = 59E31FE52037604B00DD9B48 /* Main.storyboard */; };
		59E31FE92037604B00DD9B48 /* Assets.xcassets in Resources */ = {isa = PBXBuildFile; fileRef = 59E31FE82037604B00DD9B48 /* Assets.xcassets */; };
		59E31FF1203760CC00DD9B48 /* Teste.swift in Sources */ = {isa = PBXBuildFile; fileRef = 59E31FF0203760CC00DD9B48 /* Teste.swift */; };
		59E31FF32037612F00DD9B48 /* TesteCollectionViewCell.swift in Sources */ = {isa = PBXBuildFile; fileRef = 59E31FF22037612F00DD9B48 /* TesteCollectionViewCell.swift */; };
/* End PBXBuildFile section */

/* Begin PBXFileReference section */
		59E31FDB2037604B00DD9B48 /* testandoCollection.app */ = {isa = PBXFileReference; explicitFileType = wrapper.application; includeInIndex = 0; path = testandoCollection.app; sourceTree = BUILT_PRODUCTS_DIR; };
		59E31FDE2037604B00DD9B48 /* AppDelegate.swift */ = {isa = PBXFileReference; lastKnownFileType = sourcecode.swift; path = AppDelegate.swift; sourceTree = "<group>"; };
		59E31FE02037604B00DD9B48 /* ViewController.swift */ = {isa = PBXFileReference; lastKnownFileType = sourcecode.swift; path = ViewController.swift; sourceTree = "<group>"; };
		59E31FE32037604B00DD9B48 /* testandoCollection.xcdatamodel */ = {isa = PBXFileReference; lastKnownFileType = wrapper.xcdatamodel; path = testandoCollection.xcdatamodel; sourceTree = "<group>"; };
		59E31FE62037604B00DD9B48 /* Base */ = {isa = PBXFileReference; lastKnownFileType = file.storyboard; name = Base; path = Base.lproj/Main.storyboard; sourceTree = "<group>"; };
		59E31FE82037604B00DD9B48 /* Assets.xcassets */ = {isa = PBXFileReference; lastKnownFileType = folder.assetcatalog; path = Assets.xcassets; sourceTree = "<group>"; };
		59E31FEA2037604B00DD9B48 /* Info.plist */ = {isa = PBXFileReference; lastKnownFileType = text.plist.xml; path = Info.plist; sourceTree = "<group>"; };
		59E31FF0203760CC00DD9B48 /* Teste.swift */ = {isa = PBXFileReference; lastKnownFileType = sourcecode.swift; path = Teste.swift; sourceTree = "<group>"; };
		59E31FF22037612F00DD9B48 /* TesteCollectionViewCell.swift */ = {isa = PBXFileReference; lastKnownFileType = sourcecode.swift; path = TesteCollectionViewCell.swift; sourceTree = "<group>"; };
/* End PBXFileReference section */

/* Begin PBXFrameworksBuildPhase section */
		59E31FD82037604B00DD9B48 /* Frameworks */ = {
			isa = PBXFrameworksBuildPhase;
			buildActionMask = 2147483647;
			files = (
			);
			runOnlyForDeploymentPostprocessing = 0;
		};
/* End PBXFrameworksBuildPhase section */

/* Begin PBXGroup section */
		59E31FD22037604B00DD9B48 = {
			isa = PBXGroup;
			children = (
				59E31FDD2037604B00DD9B48 /* testandoCollection */,
				59E31FDC2037604B00DD9B48 /* Products */,
			);
			sourceTree = "<group>";
		};
		59E31FDC2037604B00DD9B48 /* Products */ = {
			isa = PBXGroup;
			children = (
				59E31FDB2037604B00DD9B48 /* testandoCollection.app */,
			);
			name = Products;
			sourceTree = "<group>";
		};
		59E31FDD2037604B00DD9B48 /* testandoCollection */ = {
			isa = PBXGroup;
			children = (
				59E31FDE2037604B00DD9B48 /* AppDelegate.swift */,
				59E31FE02037604B00DD9B48 /* ViewController.swift */,
				59E31FE52037604B00DD9B48 /* Main.storyboard */,
				59E31FE82037604B00DD9B48 /* Assets.xcassets */,
				59E31FEA2037604B00DD9B48 /* Info.plist */,
				59E31FE22037604B00DD9B48 /* testandoCollection.xcdatamodeld */,
				59E31FF0203760CC00DD9B48 /* Teste.swift */,
				59E31FF22037612F00DD9B48 /* TesteCollectionViewCell.swift */,
			);
			path = testandoCollection;
			sourceTree = "<group>";
		};
/* End PBXGroup section */

/* Begin PBXNativeTarget section */
		59E31FDA2037604B00DD9B48 /* testandoCollection */ = {
			isa = PBXNativeTarget;
			buildConfigurationList = 59E31FED2037604B00DD9B48 /* Build configuration list for PBXNativeTarget "testandoCollection" */;
			buildPhases = (
				59E31FD72037604B00DD9B48 /* Sources */,
				59E31FD82037604B00DD9B48 /* Frameworks */,
				59E31FD92037604B00DD9B48 /* Resources */,
			);
			buildRules = (
			);
			dependencies = (
			);
			name = testandoCollection;
			productName = testandoCollection;
			productReference = 59E31FDB2037604B00DD9B48 /* testandoCollection.app */;
			productType = "com.apple.product-type.application";
		};
/* End PBXNativeTarget section */

/* Begin PBXProject section */
		59E31FD32037604B00DD9B48 /* Project object */ = {
			isa = PBXProject;
			attributes = {
				LastSwiftUpdateCheck = 0920;
				LastUpgradeCheck = 0920;
				ORGANIZATIONNAME = "Renan Alves";
				TargetAttributes = {
					59E31FDA2037604B00DD9B48 = {
						CreatedOnToolsVersion = 9.2;
						ProvisioningStyle = Automatic;
					};
				};
			};
			buildConfigurationList = 59E31FD62037604B00DD9B48 /* Build configuration list for PBXProject "testandoCollection" */;
			compatibilityVersion = "Xcode 8.0";
			developmentRegion = en;
			hasScannedForEncodings = 0;
			knownRegions = (
				en,
				Base,
			);
			mainGroup = 59E31FD22037604B00DD9B48;
			productRefGroup = 59E31FDC2037604B00DD9B48 /* Products */;
			projectDirPath = "";
			projectRoot = "";
			targets = (
				59E31FDA2037604B00DD9B48 /* testandoCollection */,
			);
		};
/* End PBXProject section */

/* Begin PBXResourcesBuildPhase section */
		59E31FD92037604B00DD9B48 /* Resources */ = {
			isa = PBXResourcesBuildPhase;
			buildActionMask = 2147483647;
			files = (
				59E31FE92037604B00DD9B48 /* Assets.xcassets in Resources */,
				59E31FE72037604B00DD9B48 /* Main.storyboard in Resources */,
			);
			runOnlyForDeploymentPostprocessing = 0;
		};
/* End PBXResourcesBuildPhase section */

/* Begin PBXSourcesBuildPhase section */
		59E31FD72037604B00DD9B48 /* Sources */ = {
			isa = PBXSourcesBuildPhase;
			buildActionMask = 2147483647;
			files = (
				59E31FE42037604B00DD9B48 /* testandoCollection.xcdatamodeld in Sources */,
				59E31FF32037612F00DD9B48 /* TesteCollectionViewCell.swift in Sources */,
				59E31FE12037604B00DD9B48 /* ViewController.swift in Sources */,
				59E31FDF2037604B00DD9B48 /* AppDelegate.swift in Sources */,
				59E31FF1203760CC00DD9B48 /* Teste.swift in Sources */,
			);
			runOnlyForDeploymentPostprocessing = 0;
		};
/* End PBXSourcesBuildPhase section */

/* Begin PBXVariantGroup section */
		59E31FE52037604B00DD9B48 /* Main.storyboard */ = {
			isa = PBXVariantGroup;
			children = (
				59E31FE62037604B00DD9B48 /* Base */,
			);
			name = Main.storyboard;
			sourceTree = "<group>";
		};
/* End PBXVariantGroup section */

/* Begin XCBuildConfiguration section */
		59E31FEB2037604B00DD9B48 /* Debug */ = {
			isa = XCBuildConfiguration;
			buildSettings = {
				ALWAYS_SEARCH_USER_PATHS = NO;
				CLANG_ANALYZER_NONNULL = YES;
				CLANG_ANALYZER_NUMBER_OBJECT_CONVERSION = YES_AGGRESSIVE;
				CLANG_CXX_LANGUAGE_STANDARD = "gnu++14";
				CLANG_CXX_LIBRARY = "libc++";
				CLANG_ENABLE_MODULES = YES;
				CLANG_ENABLE_OBJC_ARC = YES;
				CLANG_WARN_BLOCK_CAPTURE_AUTORELEASING = YES;
				CLANG_WARN_BOOL_CONVERSION = YES;
				CLANG_WARN_COMMA = YES;
				CLANG_WARN_CONSTANT_CONVERSION = YES;
				CLANG_WARN_DIRECT_OBJC_ISA_USAGE = YES_ERROR;
				CLANG_WARN_DOCUMENTATION_COMMENTS = YES;
				CLANG_WARN_EMPTY_BODY = YES;
				CLANG_WARN_ENUM_CONVERSION = YES;
				CLANG_WARN_INFINITE_RECURSION = YES;
				CLANG_WARN_INT_CONVERSION = YES;
				CLANG_WARN_NON_LITERAL_NULL_CONVERSION = YES;
				CLANG_WARN_OBJC_LITERAL_CONVERSION = YES;
				CLANG_WARN_OBJC_ROOT_CLASS = YES_ERROR;
				CLANG_WARN_RANGE_LOOP_ANALYSIS = YES;
				CLANG_WARN_STRICT_PROTOTYPES = YES;
				CLANG_WARN_SUSPICIOUS_MOVE = YES;
				CLANG_WARN_UNGUARDED_AVAILABILITY = YES_AGGRESSIVE;
				CLANG_WARN_UNREACHABLE_CODE = YES;
				CLANG_WARN__DUPLICATE_METHOD_MATCH = YES;
				COPY_PHASE_STRIP = NO;
				DEBUG_INFORMATION_FORMAT = dwarf;
				ENABLE_STRICT_OBJC_MSGSEND = YES;
				ENABLE_TESTABILITY = YES;
				GCC_C_LANGUAGE_STANDARD = gnu11;
				GCC_DYNAMIC_NO_PIC = NO;
				GCC_NO_COMMON_BLOCKS = YES;
				GCC_OPTIMIZATION_LEVEL = 0;
				GCC_PREPROCESSOR_DEFINITIONS = (
					"DEBUG=1",
					"$(inherited)",
				);
				GCC_WARN_64_TO_32_BIT_CONVERSION = YES;
				GCC_WARN_ABOUT_RETURN_TYPE = YES_ERROR;
				GCC_WARN_UNDECLARED_SELECTOR = YES;
				GCC_WARN_UNINITIALIZED_AUTOS = YES_AGGRESSIVE;
				GCC_WARN_UNUSED_FUNCTION = YES;
				GCC_WARN_UNUSED_VARIABLE = YES;
				MTL_ENABLE_DEBUG_INFO = YES;
				ONLY_ACTIVE_ARCH = YES;
				SDKROOT = appletvos;
				SWIFT_ACTIVE_COMPILATION_CONDITIONS = DEBUG;
				SWIFT_OPTIMIZATION_LEVEL = "-Onone";
				TVOS_DEPLOYMENT_TARGET = 11.2;
			};
			name = Debug;
		};
		59E31FEC2037604B00DD9B48 /* Release */ = {
			isa = XCBuildConfiguration;
			buildSettings = {
				ALWAYS_SEARCH_USER_PATHS = NO;
				CLANG_ANALYZER_NONNULL = YES;
				CLANG_ANALYZER_NUMBER_OBJECT_CONVERSION = YES_AGGRESSIVE;
				CLANG_CXX_LANGUAGE_STANDARD = "gnu++14";
				CLANG_CXX_LIBRARY = "libc++";
				CLANG_ENABLE_MODULES = YES;
				CLANG_ENABLE_OBJC_ARC = YES;
				CLANG_WARN_BLOCK_CAPTURE_AUTORELEASING = YES;
				CLANG_WARN_BOOL_CONVERSION = YES;
				CLANG_WARN_COMMA = YES;
				CLANG_WARN_CONSTANT_CONVERSION = YES;
				CLANG_WARN_DIRECT_OBJC_ISA_USAGE = YES_ERROR;
				CLANG_WARN_DOCUMENTATION_COMMENTS = YES;
				CLANG_WARN_EMPTY_BODY = YES;
				CLANG_WARN_ENUM_CONVERSION = YES;
				CLANG_WARN_INFINITE_RECURSION = YES;
				CLANG_WARN_INT_CONVERSION = YES;
				CLANG_WARN_NON_LITERAL_NULL_CONVERSION = YES;
				CLANG_WARN_OBJC_LITERAL_CONVERSION = YES;
				CLANG_WARN_OBJC_ROOT_CLASS = YES_ERROR;
				CLANG_WARN_RANGE_LOOP_ANALYSIS = YES;
				CLANG_WARN_STRICT_PROTOTYPES = YES;
				CLANG_WARN_SUSPICIOUS_MOVE = YES;
				CLANG_WARN_UNGUARDED_AVAILABILITY = YES_AGGRESSIVE;
				CLANG_WARN_UNREACHABLE_CODE = YES;
				CLANG_WARN__DUPLICATE_METHOD_MATCH = YES;
				COPY_PHASE_STRIP = NO;
				DEBUG_INFORMATION_FORMAT = "dwarf-with-dsym";
				ENABLE_NS_ASSERTIONS = NO;
				ENABLE_STRICT_OBJC_MSGSEND = YES;
				GCC_C_LANGUAGE_STANDARD = gnu11;
				GCC_NO_COMMON_BLOCKS = YES;
				GCC_WARN_64_TO_32_BIT_CONVERSION = YES;
				GCC_WARN_ABOUT_RETURN_TYPE = YES_ERROR;
				GCC_WARN_UNDECLARED_SELECTOR = YES;
				GCC_WARN_UNINITIALIZED_AUTOS = YES_AGGRESSIVE;
				GCC_WARN_UNUSED_FUNCTION = YES;
				GCC_WARN_UNUSED_VARIABLE = YES;
				MTL_ENABLE_DEBUG_INFO = NO;
				SDKROOT = appletvos;
				SWIFT_OPTIMIZATION_LEVEL = "-Owholemodule";
				TVOS_DEPLOYMENT_TARGET = 11.2;
				VALIDATE_PRODUCT = YES;
			};
			name = Release;
		};
		59E31FEE2037604B00DD9B48 /* Debug */ = {
			isa = XCBuildConfiguration;
			buildSettings = {
				ASSETCATALOG_COMPILER_APPICON_NAME = "App Icon & Top Shelf Image";
				ASSETCATALOG_COMPILER_LAUNCHIMAGE_NAME = LaunchImage;
				CODE_SIGN_STYLE = Automatic;
				DEVELOPMENT_TEAM = 8A5455B8KE;
				INFOPLIST_FILE = testandoCollection/Info.plist;
				LD_RUNPATH_SEARCH_PATHS = "$(inherited) @executable_path/Frameworks";
				PRODUCT_BUNDLE_IDENTIFIER = br.com.renan.higor.testandoCollection;
				PRODUCT_NAME = "$(TARGET_NAME)";
				SWIFT_VERSION = 4.0;
				TARGETED_DEVICE_FAMILY = 3;
			};
			name = Debug;
		};
		59E31FEF2037604B00DD9B48 /* Release */ = {
			isa = XCBuildConfiguration;
			buildSettings = {
				ASSETCATALOG_COMPILER_APPICON_NAME = "App Icon & Top Shelf Image";
				ASSETCATALOG_COMPILER_LAUNCHIMAGE_NAME = LaunchImage;
				CODE_SIGN_STYLE = Automatic;
				DEVELOPMENT_TEAM = 8A5455B8KE;
				INFOPLIST_FILE = testandoCollection/Info.plist;
				LD_RUNPATH_SEARCH_PATHS = "$(inherited) @executable_path/Frameworks";
				PRODUCT_BUNDLE_IDENTIFIER = br.com.renan.higor.testandoCollection;
				PRODUCT_NAME = "$(TARGET_NAME)";
				SWIFT_VERSION = 4.0;
				TARGETED_DEVICE_FAMILY = 3;
			};
			name = Release;
		};
/* End XCBuildConfiguration section */

/* Begin XCConfigurationList section */
		59E31FD62037604B00DD9B48 /* Build configuration list for PBXProject "testandoCollection" */ = {
			isa = XCConfigurationList;
			buildConfigurations = (
				59E31FEB2037604B00DD9B48 /* Debug */,
				59E31FEC2037604B00DD9B48 /* Release */,
			);
			defaultConfigurationIsVisible = 0;
			defaultConfigurationName = Release;
		};
		59E31FED2037604B00DD9B48 /* Build configuration list for PBXNativeTarget "testandoCollection" */ = {
			isa = XCConfigurationList;
			buildConfigurations = (
				59E31FEE2037604B00DD9B48 /* Debug */,
				59E31FEF2037604B00DD9B48 /* Release */,
			);
			defaultConfigurationIsVisible = 0;
			defaultConfigurationName = Release;
		};
/* End XCConfigurationList section */

/* Begin XCVersionGroup section */
		59E31FE22037604B00DD9B48 /* testandoCollection.xcdatamodeld */ = {
			isa = XCVersionGroup;
			children = (
				59E31FE32037604B00DD9B48 /* testandoCollection.xcdatamodel */,
			);
			currentVersion = 59E31FE32037604B00DD9B48 /* testandoCollection.xcdatamodel */;
			path = testandoCollection.xcdatamodeld;
			sourceTree = "<group>";
			versionGroupType = wrapper.xcdatamodel;
		};
/* End XCVersionGroup section */
	};
	rootObject = 59E31FD32037604B00DD9B48 /* Project object */;
}
