// !$*UTF8*$!
{
	archiveVersion = 1;
	classes = {
	};
	objectVersion = 50;
	objects = {

/* Begin PBXBuildFile section */
		590D040726CE9B2D0038A237 /* AppDelegate.swift in Sources */ = {isa = PBXBuildFile; fileRef = 590D040626CE9B2D0038A237 /* AppDelegate.swift */; };
		590D040926CE9B2D0038A237 /* SceneDelegate.swift in Sources */ = {isa = PBXBuildFile; fileRef = 590D040826CE9B2D0038A237 /* SceneDelegate.swift */; };
		590D040B26CE9B2D0038A237 /* ViewController.swift in Sources */ = {isa = PBXBuildFile; fileRef = 590D040A26CE9B2D0038A237 /* ViewController.swift */; };
		590D041126CE9B2D0038A237 /* layout.xcdatamodeld in Sources */ = {isa = PBXBuildFile; fileRef = 590D040F26CE9B2D0038A237 /* layout.xcdatamodeld */; };
		590D041326CE9B2F0038A237 /* Assets.xcassets in Resources */ = {isa = PBXBuildFile; fileRef = 590D041226CE9B2F0038A237 /* Assets.xcassets */; };
		590D041626CE9B2F0038A237 /* LaunchScreen.storyboard in Resources */ = {isa = PBXBuildFile; fileRef = 590D041426CE9B2F0038A237 /* LaunchScreen.storyboard */; };
		590D042126CE9B2F0038A237 /* layoutTests.swift in Sources */ = {isa = PBXBuildFile; fileRef = 590D042026CE9B2F0038A237 /* layoutTests.swift */; };
		590D042C26CE9B2F0038A237 /* layoutUITests.swift in Sources */ = {isa = PBXBuildFile; fileRef = 590D042B26CE9B2F0038A237 /* layoutUITests.swift */; };
/* End PBXBuildFile section */

/* Begin PBXContainerItemProxy section */
		590D041D26CE9B2F0038A237 /* PBXContainerItemProxy */ = {
			isa = PBXContainerItemProxy;
			containerPortal = 590D03FB26CE9B2D0038A237 /* Project object */;
			proxyType = 1;
			remoteGlobalIDString = 590D040226CE9B2D0038A237;
			remoteInfo = layout;
		};
		590D042826CE9B2F0038A237 /* PBXContainerItemProxy */ = {
			isa = PBXContainerItemProxy;
			containerPortal = 590D03FB26CE9B2D0038A237 /* Project object */;
			proxyType = 1;
			remoteGlobalIDString = 590D040226CE9B2D0038A237;
			remoteInfo = layout;
		};
/* End PBXContainerItemProxy section */

/* Begin PBXFileReference section */
		590D040326CE9B2D0038A237 /* layout.app */ = {isa = PBXFileReference; explicitFileType = wrapper.application; includeInIndex = 0; path = layout.app; sourceTree = BUILT_PRODUCTS_DIR; };
		590D040626CE9B2D0038A237 /* AppDelegate.swift */ = {isa = PBXFileReference; lastKnownFileType = sourcecode.swift; path = AppDelegate.swift; sourceTree = "<group>"; };
		590D040826CE9B2D0038A237 /* SceneDelegate.swift */ = {isa = PBXFileReference; lastKnownFileType = sourcecode.swift; path = SceneDelegate.swift; sourceTree = "<group>"; };
		590D040A26CE9B2D0038A237 /* ViewController.swift */ = {isa = PBXFileReference; lastKnownFileType = sourcecode.swift; path = ViewController.swift; sourceTree = "<group>"; };
		590D041026CE9B2D0038A237 /* layout.xcdatamodel */ = {isa = PBXFileReference; lastKnownFileType = wrapper.xcdatamodel; path = layout.xcdatamodel; sourceTree = "<group>"; };
		590D041226CE9B2F0038A237 /* Assets.xcassets */ = {isa = PBXFileReference; lastKnownFileType = folder.assetcatalog; path = Assets.xcassets; sourceTree = "<group>"; };
		590D041526CE9B2F0038A237 /* Base */ = {isa = PBXFileReference; lastKnownFileType = file.storyboard; name = Base; path = Base.lproj/LaunchScreen.storyboard; sourceTree = "<group>"; };
		590D041726CE9B2F0038A237 /* Info.plist */ = {isa = PBXFileReference; lastKnownFileType = text.plist.xml; path = Info.plist; sourceTree = "<group>"; };
		590D041C26CE9B2F0038A237 /* layoutTests.xctest */ = {isa = PBXFileReference; explicitFileType = wrapper.cfbundle; includeInIndex = 0; path = layoutTests.xctest; sourceTree = BUILT_PRODUCTS_DIR; };
		590D042026CE9B2F0038A237 /* layoutTests.swift */ = {isa = PBXFileReference; lastKnownFileType = sourcecode.swift; path = layoutTests.swift; sourceTree = "<group>"; };
		590D042226CE9B2F0038A237 /* Info.plist */ = {isa = PBXFileReference; lastKnownFileType = text.plist.xml; path = Info.plist; sourceTree = "<group>"; };
		590D042726CE9B2F0038A237 /* layoutUITests.xctest */ = {isa = PBXFileReference; explicitFileType = wrapper.cfbundle; includeInIndex = 0; path = layoutUITests.xctest; sourceTree = BUILT_PRODUCTS_DIR; };
		590D042B26CE9B2F0038A237 /* layoutUITests.swift */ = {isa = PBXFileReference; lastKnownFileType = sourcecode.swift; path = layoutUITests.swift; sourceTree = "<group>"; };
		590D042D26CE9B2F0038A237 /* Info.plist */ = {isa = PBXFileReference; lastKnownFileType = text.plist.xml; path = Info.plist; sourceTree = "<group>"; };
/* End PBXFileReference section */

/* Begin PBXFrameworksBuildPhase section */
		590D040026CE9B2D0038A237 /* Frameworks */ = {
			isa = PBXFrameworksBuildPhase;
			buildActionMask = 2147483647;
			files = (
			);
			runOnlyForDeploymentPostprocessing = 0;
		};
		590D041926CE9B2F0038A237 /* Frameworks */ = {
			isa = PBXFrameworksBuildPhase;
			buildActionMask = 2147483647;
			files = (
			);
			runOnlyForDeploymentPostprocessing = 0;
		};
		590D042426CE9B2F0038A237 /* Frameworks */ = {
			isa = PBXFrameworksBuildPhase;
			buildActionMask = 2147483647;
			files = (
			);
			runOnlyForDeploymentPostprocessing = 0;
		};
/* End PBXFrameworksBuildPhase section */

/* Begin PBXGroup section */
		590D03FA26CE9B2D0038A237 = {
			isa = PBXGroup;
			children = (
				590D040526CE9B2D0038A237 /* layout */,
				590D041F26CE9B2F0038A237 /* layoutTests */,
				590D042A26CE9B2F0038A237 /* layoutUITests */,
				590D040426CE9B2D0038A237 /* Products */,
			);
			sourceTree = "<group>";
		};
		590D040426CE9B2D0038A237 /* Products */ = {
			isa = PBXGroup;
			children = (
				590D040326CE9B2D0038A237 /* layout.app */,
				590D041C26CE9B2F0038A237 /* layoutTests.xctest */,
				590D042726CE9B2F0038A237 /* layoutUITests.xctest */,
			);
			name = Products;
			sourceTree = "<group>";
		};
		590D040526CE9B2D0038A237 /* layout */ = {
			isa = PBXGroup;
			children = (
				5923CC6B26CFDFEA004989A9 /* ViewModel */,
				5923CC6A26CFDF8F004989A9 /* View */,
				590D040626CE9B2D0038A237 /* AppDelegate.swift */,
				590D040826CE9B2D0038A237 /* SceneDelegate.swift */,
				590D040A26CE9B2D0038A237 /* ViewController.swift */,
				590D041226CE9B2F0038A237 /* Assets.xcassets */,
				590D041426CE9B2F0038A237 /* LaunchScreen.storyboard */,
				590D041726CE9B2F0038A237 /* Info.plist */,
				590D040F26CE9B2D0038A237 /* layout.xcdatamodeld */,
			);
			path = layout;
			sourceTree = "<group>";
		};
		590D041F26CE9B2F0038A237 /* layoutTests */ = {
			isa = PBXGroup;
			children = (
				590D042026CE9B2F0038A237 /* layoutTests.swift */,
				590D042226CE9B2F0038A237 /* Info.plist */,
			);
			path = layoutTests;
			sourceTree = "<group>";
		};
		590D042A26CE9B2F0038A237 /* layoutUITests */ = {
			isa = PBXGroup;
			children = (
				590D042B26CE9B2F0038A237 /* layoutUITests.swift */,
				590D042D26CE9B2F0038A237 /* Info.plist */,
			);
			path = layoutUITests;
			sourceTree = "<group>";
		};
		5923CC6A26CFDF8F004989A9 /* View */ = {
			isa = PBXGroup;
			children = (
			);
			name = View;
			sourceTree = "<group>";
		};
		5923CC6B26CFDFEA004989A9 /* ViewModel */ = {
			isa = PBXGroup;
			children = (
			);
			path = ViewModel;
			sourceTree = "<group>";
		};
/* End PBXGroup section */

/* Begin PBXNativeTarget section */
		590D040226CE9B2D0038A237 /* layout */ = {
			isa = PBXNativeTarget;
			buildConfigurationList = 590D043026CE9B2F0038A237 /* Build configuration list for PBXNativeTarget "layout" */;
			buildPhases = (
				590D03FF26CE9B2D0038A237 /* Sources */,
				590D040026CE9B2D0038A237 /* Frameworks */,
				590D040126CE9B2D0038A237 /* Resources */,
			);
			buildRules = (
			);
			dependencies = (
			);
			name = layout;
			productName = layout;
			productReference = 590D040326CE9B2D0038A237 /* layout.app */;
			productType = "com.apple.product-type.application";
		};
		590D041B26CE9B2F0038A237 /* layoutTests */ = {
			isa = PBXNativeTarget;
			buildConfigurationList = 590D043326CE9B2F0038A237 /* Build configuration list for PBXNativeTarget "layoutTests" */;
			buildPhases = (
				590D041826CE9B2F0038A237 /* Sources */,
				590D041926CE9B2F0038A237 /* Frameworks */,
				590D041A26CE9B2F0038A237 /* Resources */,
			);
			buildRules = (
			);
			dependencies = (
				590D041E26CE9B2F0038A237 /* PBXTargetDependency */,
			);
			name = layoutTests;
			productName = layoutTests;
			productReference = 590D041C26CE9B2F0038A237 /* layoutTests.xctest */;
			productType = "com.apple.product-type.bundle.unit-test";
		};
		590D042626CE9B2F0038A237 /* layoutUITests */ = {
			isa = PBXNativeTarget;
			buildConfigurationList = 590D043626CE9B2F0038A237 /* Build configuration list for PBXNativeTarget "layoutUITests" */;
			buildPhases = (
				590D042326CE9B2F0038A237 /* Sources */,
				590D042426CE9B2F0038A237 /* Frameworks */,
				590D042526CE9B2F0038A237 /* Resources */,
			);
			buildRules = (
			);
			dependencies = (
				590D042926CE9B2F0038A237 /* PBXTargetDependency */,
			);
			name = layoutUITests;
			productName = layoutUITests;
			productReference = 590D042726CE9B2F0038A237 /* layoutUITests.xctest */;
			productType = "com.apple.product-type.bundle.ui-testing";
		};
/* End PBXNativeTarget section */

/* Begin PBXProject section */
		590D03FB26CE9B2D0038A237 /* Project object */ = {
			isa = PBXProject;
			attributes = {
				LastSwiftUpdateCheck = 1250;
				LastUpgradeCheck = 1250;
				TargetAttributes = {
					590D040226CE9B2D0038A237 = {
						CreatedOnToolsVersion = 12.5.1;
					};
					590D041B26CE9B2F0038A237 = {
						CreatedOnToolsVersion = 12.5.1;
						TestTargetID = 590D040226CE9B2D0038A237;
					};
					590D042626CE9B2F0038A237 = {
						CreatedOnToolsVersion = 12.5.1;
						TestTargetID = 590D040226CE9B2D0038A237;
					};
				};
			};
			buildConfigurationList = 590D03FE26CE9B2D0038A237 /* Build configuration list for PBXProject "layout" */;
			compatibilityVersion = "Xcode 9.3";
			developmentRegion = en;
			hasScannedForEncodings = 0;
			knownRegions = (
				en,
				Base,
			);
			mainGroup = 590D03FA26CE9B2D0038A237;
			productRefGroup = 590D040426CE9B2D0038A237 /* Products */;
			projectDirPath = "";
			projectRoot = "";
			targets = (
				590D040226CE9B2D0038A237 /* layout */,
				590D041B26CE9B2F0038A237 /* layoutTests */,
				590D042626CE9B2F0038A237 /* layoutUITests */,
			);
		};
/* End PBXProject section */

/* Begin PBXResourcesBuildPhase section */
		590D040126CE9B2D0038A237 /* Resources */ = {
			isa = PBXResourcesBuildPhase;
			buildActionMask = 2147483647;
			files = (
				590D041626CE9B2F0038A237 /* LaunchScreen.storyboard in Resources */,
				590D041326CE9B2F0038A237 /* Assets.xcassets in Resources */,
			);
			runOnlyForDeploymentPostprocessing = 0;
		};
		590D041A26CE9B2F0038A237 /* Resources */ = {
			isa = PBXResourcesBuildPhase;
			buildActionMask = 2147483647;
			files = (
			);
			runOnlyForDeploymentPostprocessing = 0;
		};
		590D042526CE9B2F0038A237 /* Resources */ = {
			isa = PBXResourcesBuildPhase;
			buildActionMask = 2147483647;
			files = (
			);
			runOnlyForDeploymentPostprocessing = 0;
		};
/* End PBXResourcesBuildPhase section */

/* Begin PBXSourcesBuildPhase section */
		590D03FF26CE9B2D0038A237 /* Sources */ = {
			isa = PBXSourcesBuildPhase;
			buildActionMask = 2147483647;
			files = (
				590D040B26CE9B2D0038A237 /* ViewController.swift in Sources */,
				590D041126CE9B2D0038A237 /* layout.xcdatamodeld in Sources */,
				590D040726CE9B2D0038A237 /* AppDelegate.swift in Sources */,
				590D040926CE9B2D0038A237 /* SceneDelegate.swift in Sources */,
			);
			runOnlyForDeploymentPostprocessing = 0;
		};
		590D041826CE9B2F0038A237 /* Sources */ = {
			isa = PBXSourcesBuildPhase;
			buildActionMask = 2147483647;
			files = (
				590D042126CE9B2F0038A237 /* layoutTests.swift in Sources */,
			);
			runOnlyForDeploymentPostprocessing = 0;
		};
		590D042326CE9B2F0038A237 /* Sources */ = {
			isa = PBXSourcesBuildPhase;
			buildActionMask = 2147483647;
			files = (
				590D042C26CE9B2F0038A237 /* layoutUITests.swift in Sources */,
			);
			runOnlyForDeploymentPostprocessing = 0;
		};
/* End PBXSourcesBuildPhase section */

/* Begin PBXTargetDependency section */
		590D041E26CE9B2F0038A237 /* PBXTargetDependency */ = {
			isa = PBXTargetDependency;
			target = 590D040226CE9B2D0038A237 /* layout */;
			targetProxy = 590D041D26CE9B2F0038A237 /* PBXContainerItemProxy */;
		};
		590D042926CE9B2F0038A237 /* PBXTargetDependency */ = {
			isa = PBXTargetDependency;
			target = 590D040226CE9B2D0038A237 /* layout */;
			targetProxy = 590D042826CE9B2F0038A237 /* PBXContainerItemProxy */;
		};
/* End PBXTargetDependency section */

/* Begin PBXVariantGroup section */
		590D041426CE9B2F0038A237 /* LaunchScreen.storyboard */ = {
			isa = PBXVariantGroup;
			children = (
				590D041526CE9B2F0038A237 /* Base */,
			);
			name = LaunchScreen.storyboard;
			sourceTree = "<group>";
		};
/* End PBXVariantGroup section */

/* Begin XCBuildConfiguration section */
		590D042E26CE9B2F0038A237 /* Debug */ = {
			isa = XCBuildConfiguration;
			buildSettings = {
				ALWAYS_SEARCH_USER_PATHS = NO;
				CLANG_ANALYZER_NONNULL = YES;
				CLANG_ANALYZER_NUMBER_OBJECT_CONVERSION = YES_AGGRESSIVE;
				CLANG_CXX_LANGUAGE_STANDARD = "gnu++14";
				CLANG_CXX_LIBRARY = "libc++";
				CLANG_ENABLE_MODULES = YES;
				CLANG_ENABLE_OBJC_ARC = YES;
				CLANG_ENABLE_OBJC_WEAK = YES;
				CLANG_WARN_BLOCK_CAPTURE_AUTORELEASING = YES;
				CLANG_WARN_BOOL_CONVERSION = YES;
				CLANG_WARN_COMMA = YES;
				CLANG_WARN_CONSTANT_CONVERSION = YES;
				CLANG_WARN_DEPRECATED_OBJC_IMPLEMENTATIONS = YES;
				CLANG_WARN_DIRECT_OBJC_ISA_USAGE = YES_ERROR;
				CLANG_WARN_DOCUMENTATION_COMMENTS = YES;
				CLANG_WARN_EMPTY_BODY = YES;
				CLANG_WARN_ENUM_CONVERSION = YES;
				CLANG_WARN_INFINITE_RECURSION = YES;
				CLANG_WARN_INT_CONVERSION = YES;
				CLANG_WARN_NON_LITERAL_NULL_CONVERSION = YES;
				CLANG_WARN_OBJC_IMPLICIT_RETAIN_SELF = YES;
				CLANG_WARN_OBJC_LITERAL_CONVERSION = YES;
				CLANG_WARN_OBJC_ROOT_CLASS = YES_ERROR;
				CLANG_WARN_QUOTED_INCLUDE_IN_FRAMEWORK_HEADER = YES;
				CLANG_WARN_RANGE_LOOP_ANALYSIS = YES;
				CLANG_WARN_STRICT_PROTOTYPES = YES;
				CLANG_WARN_SUSPICIOUS_MOVE = YES;
				CLANG_WARN_UNGUARDED_AVAILABILITY = YES_AGGRESSIVE;
				CLANG_WARN_UNREACHABLE_CODE = YES;
				CLANG_WARN__DUPLICATE_METHOD_MATCH = YES;
				COPY_PHASE_STRIP = NO;
				DEBUG_INFORMATION_FORMAT = dwarf;
				ENABLE_STRICT_OBJC_MSGSEND = YES;
				ENABLE_TESTABILITY = YES;
				GCC_C_LANGUAGE_STANDARD = gnu11;
				GCC_DYNAMIC_NO_PIC = NO;
				GCC_NO_COMMON_BLOCKS = YES;
				GCC_OPTIMIZATION_LEVEL = 0;
				GCC_PREPROCESSOR_DEFINITIONS = (
					"DEBUG=1",
					"$(inherited)",
				);
				GCC_WARN_64_TO_32_BIT_CONVERSION = YES;
				GCC_WARN_ABOUT_RETURN_TYPE = YES_ERROR;
				GCC_WARN_UNDECLARED_SELECTOR = YES;
				GCC_WARN_UNINITIALIZED_AUTOS = YES_AGGRESSIVE;
				GCC_WARN_UNUSED_FUNCTION = YES;
				GCC_WARN_UNUSED_VARIABLE = YES;
				IPHONEOS_DEPLOYMENT_TARGET = 14.5;
				MTL_ENABLE_DEBUG_INFO = INCLUDE_SOURCE;
				MTL_FAST_MATH = YES;
				ONLY_ACTIVE_ARCH = YES;
				SDKROOT = iphoneos;
				SWIFT_ACTIVE_COMPILATION_CONDITIONS = DEBUG;
				SWIFT_OPTIMIZATION_LEVEL = "-Onone";
			};
			name = Debug;
		};
		590D042F26CE9B2F0038A237 /* Release */ = {
			isa = XCBuildConfiguration;
			buildSettings = {
				ALWAYS_SEARCH_USER_PATHS = NO;
				CLANG_ANALYZER_NONNULL = YES;
				CLANG_ANALYZER_NUMBER_OBJECT_CONVERSION = YES_AGGRESSIVE;
				CLANG_CXX_LANGUAGE_STANDARD = "gnu++14";
				CLANG_CXX_LIBRARY = "libc++";
				CLANG_ENABLE_MODULES = YES;
				CLANG_ENABLE_OBJC_ARC = YES;
				CLANG_ENABLE_OBJC_WEAK = YES;
				CLANG_WARN_BLOCK_CAPTURE_AUTORELEASING = YES;
				CLANG_WARN_BOOL_CONVERSION = YES;
				CLANG_WARN_COMMA = YES;
				CLANG_WARN_CONSTANT_CONVERSION = YES;
				CLANG_WARN_DEPRECATED_OBJC_IMPLEMENTATIONS = YES;
				CLANG_WARN_DIRECT_OBJC_ISA_USAGE = YES_ERROR;
				CLANG_WARN_DOCUMENTATION_COMMENTS = YES;
				CLANG_WARN_EMPTY_BODY = YES;
				CLANG_WARN_ENUM_CONVERSION = YES;
				CLANG_WARN_INFINITE_RECURSION = YES;
				CLANG_WARN_INT_CONVERSION = YES;
				CLANG_WARN_NON_LITERAL_NULL_CONVERSION = YES;
				CLANG_WARN_OBJC_IMPLICIT_RETAIN_SELF = YES;
				CLANG_WARN_OBJC_LITERAL_CONVERSION = YES;
				CLANG_WARN_OBJC_ROOT_CLASS = YES_ERROR;
				CLANG_WARN_QUOTED_INCLUDE_IN_FRAMEWORK_HEADER = YES;
				CLANG_WARN_RANGE_LOOP_ANALYSIS = YES;
				CLANG_WARN_STRICT_PROTOTYPES = YES;
				CLANG_WARN_SUSPICIOUS_MOVE = YES;
				CLANG_WARN_UNGUARDED_AVAILABILITY = YES_AGGRESSIVE;
				CLANG_WARN_UNREACHABLE_CODE = YES;
				CLANG_WARN__DUPLICATE_METHOD_MATCH = YES;
				COPY_PHASE_STRIP = NO;
				DEBUG_INFORMATION_FORMAT = "dwarf-with-dsym";
				ENABLE_NS_ASSERTIONS = NO;
				ENABLE_STRICT_OBJC_MSGSEND = YES;
				GCC_C_LANGUAGE_STANDARD = gnu11;
				GCC_NO_COMMON_BLOCKS = YES;
				GCC_WARN_64_TO_32_BIT_CONVERSION = YES;
				GCC_WARN_ABOUT_RETURN_TYPE = YES_ERROR;
				GCC_WARN_UNDECLARED_SELECTOR = YES;
				GCC_WARN_UNINITIALIZED_AUTOS = YES_AGGRESSIVE;
				GCC_WARN_UNUSED_FUNCTION = YES;
				GCC_WARN_UNUSED_VARIABLE = YES;
				IPHONEOS_DEPLOYMENT_TARGET = 14.5;
				MTL_ENABLE_DEBUG_INFO = NO;
				MTL_FAST_MATH = YES;
				SDKROOT = iphoneos;
				SWIFT_COMPILATION_MODE = wholemodule;
				SWIFT_OPTIMIZATION_LEVEL = "-O";
				VALIDATE_PRODUCT = YES;
			};
			name = Release;
		};
		590D043126CE9B2F0038A237 /* Debug */ = {
			isa = XCBuildConfiguration;
			buildSettings = {
				ASSETCATALOG_COMPILER_APPICON_NAME = AppIcon;
				ASSETCATALOG_COMPILER_GLOBAL_ACCENT_COLOR_NAME = AccentColor;
				CODE_SIGN_STYLE = Automatic;
				DEVELOPMENT_TEAM = 8A5455B8KE;
				INFOPLIST_FILE = layout/Info.plist;
				LD_RUNPATH_SEARCH_PATHS = (
					"$(inherited)",
					"@executable_path/Frameworks",
				);
				PRODUCT_BUNDLE_IDENTIFIER = com.renanalves.layout;
				PRODUCT_NAME = "$(TARGET_NAME)";
				SWIFT_VERSION = 5.0;
				TARGETED_DEVICE_FAMILY = "1,2";
			};
			name = Debug;
		};
		590D043226CE9B2F0038A237 /* Release */ = {
			isa = XCBuildConfiguration;
			buildSettings = {
				ASSETCATALOG_COMPILER_APPICON_NAME = AppIcon;
				ASSETCATALOG_COMPILER_GLOBAL_ACCENT_COLOR_NAME = AccentColor;
				CODE_SIGN_STYLE = Automatic;
				DEVELOPMENT_TEAM = 8A5455B8KE;
				INFOPLIST_FILE = layout/Info.plist;
				LD_RUNPATH_SEARCH_PATHS = (
					"$(inherited)",
					"@executable_path/Frameworks",
				);
				PRODUCT_BUNDLE_IDENTIFIER = com.renanalves.layout;
				PRODUCT_NAME = "$(TARGET_NAME)";
				SWIFT_VERSION = 5.0;
				TARGETED_DEVICE_FAMILY = "1,2";
			};
			name = Release;
		};
		590D043426CE9B2F0038A237 /* Debug */ = {
			isa = XCBuildConfiguration;
			buildSettings = {
				ALWAYS_EMBED_SWIFT_STANDARD_LIBRARIES = YES;
				BUNDLE_LOADER = "$(TEST_HOST)";
				CODE_SIGN_STYLE = Automatic;
				DEVELOPMENT_TEAM = 8A5455B8KE;
				INFOPLIST_FILE = layoutTests/Info.plist;
				IPHONEOS_DEPLOYMENT_TARGET = 14.5;
				LD_RUNPATH_SEARCH_PATHS = (
					"$(inherited)",
					"@executable_path/Frameworks",
					"@loader_path/Frameworks",
				);
				PRODUCT_BUNDLE_IDENTIFIER = com.renanalves.layoutTests;
				PRODUCT_NAME = "$(TARGET_NAME)";
				SWIFT_VERSION = 5.0;
				TARGETED_DEVICE_FAMILY = "1,2";
				TEST_HOST = "$(BUILT_PRODUCTS_DIR)/layout.app/layout";
			};
			name = Debug;
		};
		590D043526CE9B2F0038A237 /* Release */ = {
			isa = XCBuildConfiguration;
			buildSettings = {
				ALWAYS_EMBED_SWIFT_STANDARD_LIBRARIES = YES;
				BUNDLE_LOADER = "$(TEST_HOST)";
				CODE_SIGN_STYLE = Automatic;
				DEVELOPMENT_TEAM = 8A5455B8KE;
				INFOPLIST_FILE = layoutTests/Info.plist;
				IPHONEOS_DEPLOYMENT_TARGET = 14.5;
				LD_RUNPATH_SEARCH_PATHS = (
					"$(inherited)",
					"@executable_path/Frameworks",
					"@loader_path/Frameworks",
				);
				PRODUCT_BUNDLE_IDENTIFIER = com.renanalves.layoutTests;
				PRODUCT_NAME = "$(TARGET_NAME)";
				SWIFT_VERSION = 5.0;
				TARGETED_DEVICE_FAMILY = "1,2";
				TEST_HOST = "$(BUILT_PRODUCTS_DIR)/layout.app/layout";
			};
			name = Release;
		};
		590D043726CE9B2F0038A237 /* Debug */ = {
			isa = XCBuildConfiguration;
			buildSettings = {
				ALWAYS_EMBED_SWIFT_STANDARD_LIBRARIES = YES;
				CODE_SIGN_STYLE = Automatic;
				DEVELOPMENT_TEAM = 8A5455B8KE;
				INFOPLIST_FILE = layoutUITests/Info.plist;
				LD_RUNPATH_SEARCH_PATHS = (
					"$(inherited)",
					"@executable_path/Frameworks",
					"@loader_path/Frameworks",
				);
				PRODUCT_BUNDLE_IDENTIFIER = com.renanalves.layoutUITests;
				PRODUCT_NAME = "$(TARGET_NAME)";
				SWIFT_VERSION = 5.0;
				TARGETED_DEVICE_FAMILY = "1,2";
				TEST_TARGET_NAME = layout;
			};
			name = Debug;
		};
		590D043826CE9B2F0038A237 /* Release */ = {
			isa = XCBuildConfiguration;
			buildSettings = {
				ALWAYS_EMBED_SWIFT_STANDARD_LIBRARIES = YES;
				CODE_SIGN_STYLE = Automatic;
				DEVELOPMENT_TEAM = 8A5455B8KE;
				INFOPLIST_FILE = layoutUITests/Info.plist;
				LD_RUNPATH_SEARCH_PATHS = (
					"$(inherited)",
					"@executable_path/Frameworks",
					"@loader_path/Frameworks",
				);
				PRODUCT_BUNDLE_IDENTIFIER = com.renanalves.layoutUITests;
				PRODUCT_NAME = "$(TARGET_NAME)";
				SWIFT_VERSION = 5.0;
				TARGETED_DEVICE_FAMILY = "1,2";
				TEST_TARGET_NAME = layout;
			};
			name = Release;
		};
/* End XCBuildConfiguration section */

/* Begin XCConfigurationList section */
		590D03FE26CE9B2D0038A237 /* Build configuration list for PBXProject "layout" */ = {
			isa = XCConfigurationList;
			buildConfigurations = (
				590D042E26CE9B2F0038A237 /* Debug */,
				590D042F26CE9B2F0038A237 /* Release */,
			);
			defaultConfigurationIsVisible = 0;
			defaultConfigurationName = Release;
		};
		590D043026CE9B2F0038A237 /* Build configuration list for PBXNativeTarget "layout" */ = {
			isa = XCConfigurationList;
			buildConfigurations = (
				590D043126CE9B2F0038A237 /* Debug */,
				590D043226CE9B2F0038A237 /* Release */,
			);
			defaultConfigurationIsVisible = 0;
			defaultConfigurationName = Release;
		};
		590D043326CE9B2F0038A237 /* Build configuration list for PBXNativeTarget "layoutTests" */ = {
			isa = XCConfigurationList;
			buildConfigurations = (
				590D043426CE9B2F0038A237 /* Debug */,
				590D043526CE9B2F0038A237 /* Release */,
			);
			defaultConfigurationIsVisible = 0;
			defaultConfigurationName = Release;
		};
		590D043626CE9B2F0038A237 /* Build configuration list for PBXNativeTarget "layoutUITests" */ = {
			isa = XCConfigurationList;
			buildConfigurations = (
				590D043726CE9B2F0038A237 /* Debug */,
				590D043826CE9B2F0038A237 /* Release */,
			);
			defaultConfigurationIsVisible = 0;
			defaultConfigurationName = Release;
		};
/* End XCConfigurationList section */

/* Begin XCVersionGroup section */
		590D040F26CE9B2D0038A237 /* layout.xcdatamodeld */ = {
			isa = XCVersionGroup;
			children = (
				590D041026CE9B2D0038A237 /* layout.xcdatamodel */,
			);
			currentVersion = 590D041026CE9B2D0038A237 /* layout.xcdatamodel */;
			path = layout.xcdatamodeld;
			sourceTree = "<group>";
			versionGroupType = wrapper.xcdatamodel;
		};
/* End XCVersionGroup section */
	};
	rootObject = 590D03FB26CE9B2D0038A237 /* Project object */;
}
