// !$*UTF8*$!
{
	archiveVersion = 1;
	classes = {
	};
	objectVersion = 55;
	objects = {

/* Begin PBXBuildFile section */
		5979CEA2281A21A9004B44A2 /* IntroducaoSwiftUIApp.swift in Sources */ = {isa = PBXBuildFile; fileRef = 5979CEA1281A21A9004B44A2 /* IntroducaoSwiftUIApp.swift */; };
		5979CEA4281A21A9004B44A2 /* ContentView.swift in Sources */ = {isa = PBXBuildFile; fileRef = 5979CEA3281A21A9004B44A2 /* ContentView.swift */; };
		5979CEA6281A21AB004B44A2 /* Assets.xcassets in Resources */ = {isa = PBXBuildFile; fileRef = 5979CEA5281A21AB004B44A2 /* Assets.xcassets */; };
		5979CEA9281A21AB004B44A2 /* Preview Assets.xcassets in Resources */ = {isa = PBXBuildFile; fileRef = 5979CEA8281A21AB004B44A2 /* Preview Assets.xcassets */; };
		5979CEAB281A21AB004B44A2 /* Persistence.swift in Sources */ = {isa = PBXBuildFile; fileRef = 5979CEAA281A21AB004B44A2 /* Persistence.swift */; };
		5979CEAE281A21AB004B44A2 /* IntroducaoSwiftUI.xcdatamodeld in Sources */ = {isa = PBXBuildFile; fileRef = 5979CEAC281A21AB004B44A2 /* IntroducaoSwiftUI.xcdatamodeld */; };
		5979CEB8281A21AB004B44A2 /* IntroducaoSwiftUITests.swift in Sources */ = {isa = PBXBuildFile; fileRef = 5979CEB7281A21AB004B44A2 /* IntroducaoSwiftUITests.swift */; };
		5979CEC2281A21AB004B44A2 /* IntroducaoSwiftUIUITests.swift in Sources */ = {isa = PBXBuildFile; fileRef = 5979CEC1281A21AB004B44A2 /* IntroducaoSwiftUIUITests.swift */; };
		5979CEC4281A21AB004B44A2 /* IntroducaoSwiftUIUITestsLaunchTests.swift in Sources */ = {isa = PBXBuildFile; fileRef = 5979CEC3281A21AB004B44A2 /* IntroducaoSwiftUIUITestsLaunchTests.swift */; };
/* End PBXBuildFile section */

/* Begin PBXContainerItemProxy section */
		5979CEB4281A21AB004B44A2 /* PBXContainerItemProxy */ = {
			isa = PBXContainerItemProxy;
			containerPortal = 5979CE96281A21A9004B44A2 /* Project object */;
			proxyType = 1;
			remoteGlobalIDString = 5979CE9D281A21A9004B44A2;
			remoteInfo = IntroducaoSwiftUI;
		};
		5979CEBE281A21AB004B44A2 /* PBXContainerItemProxy */ = {
			isa = PBXContainerItemProxy;
			containerPortal = 5979CE96281A21A9004B44A2 /* Project object */;
			proxyType = 1;
			remoteGlobalIDString = 5979CE9D281A21A9004B44A2;
			remoteInfo = IntroducaoSwiftUI;
		};
/* End PBXContainerItemProxy section */

/* Begin PBXFileReference section */
		5979CE9E281A21A9004B44A2 /* IntroducaoSwiftUI.app */ = {isa = PBXFileReference; explicitFileType = wrapper.application; includeInIndex = 0; path = IntroducaoSwiftUI.app; sourceTree = BUILT_PRODUCTS_DIR; };
		5979CEA1281A21A9004B44A2 /* IntroducaoSwiftUIApp.swift */ = {isa = PBXFileReference; lastKnownFileType = sourcecode.swift; path = IntroducaoSwiftUIApp.swift; sourceTree = "<group>"; };
		5979CEA3281A21A9004B44A2 /* ContentView.swift */ = {isa = PBXFileReference; lastKnownFileType = sourcecode.swift; path = ContentView.swift; sourceTree = "<group>"; };
		5979CEA5281A21AB004B44A2 /* Assets.xcassets */ = {isa = PBXFileReference; lastKnownFileType = folder.assetcatalog; path = Assets.xcassets; sourceTree = "<group>"; };
		5979CEA8281A21AB004B44A2 /* Preview Assets.xcassets */ = {isa = PBXFileReference; lastKnownFileType = folder.assetcatalog; path = "Preview Assets.xcassets"; sourceTree = "<group>"; };
		5979CEAA281A21AB004B44A2 /* Persistence.swift */ = {isa = PBXFileReference; lastKnownFileType = sourcecode.swift; path = Persistence.swift; sourceTree = "<group>"; };
		5979CEAD281A21AB004B44A2 /* IntroducaoSwiftUI.xcdatamodel */ = {isa = PBXFileReference; lastKnownFileType = wrapper.xcdatamodel; path = IntroducaoSwiftUI.xcdatamodel; sourceTree = "<group>"; };
		5979CEB3281A21AB004B44A2 /* IntroducaoSwiftUITests.xctest */ = {isa = PBXFileReference; explicitFileType = wrapper.cfbundle; includeInIndex = 0; path = IntroducaoSwiftUITests.xctest; sourceTree = BUILT_PRODUCTS_DIR; };
		5979CEB7281A21AB004B44A2 /* IntroducaoSwiftUITests.swift */ = {isa = PBXFileReference; lastKnownFileType = sourcecode.swift; path = IntroducaoSwiftUITests.swift; sourceTree = "<group>"; };
		5979CEBD281A21AB004B44A2 /* IntroducaoSwiftUIUITests.xctest */ = {isa = PBXFileReference; explicitFileType = wrapper.cfbundle; includeInIndex = 0; path = IntroducaoSwiftUIUITests.xctest; sourceTree = BUILT_PRODUCTS_DIR; };
		5979CEC1281A21AB004B44A2 /* IntroducaoSwiftUIUITests.swift */ = {isa = PBXFileReference; lastKnownFileType = sourcecode.swift; path = IntroducaoSwiftUIUITests.swift; sourceTree = "<group>"; };
		5979CEC3281A21AB004B44A2 /* IntroducaoSwiftUIUITestsLaunchTests.swift */ = {isa = PBXFileReference; lastKnownFileType = sourcecode.swift; path = IntroducaoSwiftUIUITestsLaunchTests.swift; sourceTree = "<group>"; };
/* End PBXFileReference section */

/* Begin PBXFrameworksBuildPhase section */
		5979CE9B281A21A9004B44A2 /* Frameworks */ = {
			isa = PBXFrameworksBuildPhase;
			buildActionMask = 2147483647;
			files = (
			);
			runOnlyForDeploymentPostprocessing = 0;
		};
		5979CEB0281A21AB004B44A2 /* Frameworks */ = {
			isa = PBXFrameworksBuildPhase;
			buildActionMask = 2147483647;
			files = (
			);
			runOnlyForDeploymentPostprocessing = 0;
		};
		5979CEBA281A21AB004B44A2 /* Frameworks */ = {
			isa = PBXFrameworksBuildPhase;
			buildActionMask = 2147483647;
			files = (
			);
			runOnlyForDeploymentPostprocessing = 0;
		};
/* End PBXFrameworksBuildPhase section */

/* Begin PBXGroup section */
		5979CE95281A21A9004B44A2 = {
			isa = PBXGroup;
			children = (
				5979CEA0281A21A9004B44A2 /* IntroducaoSwiftUI */,
				5979CEB6281A21AB004B44A2 /* IntroducaoSwiftUITests */,
				5979CEC0281A21AB004B44A2 /* IntroducaoSwiftUIUITests */,
				5979CE9F281A21A9004B44A2 /* Products */,
			);
			sourceTree = "<group>";
		};
		5979CE9F281A21A9004B44A2 /* Products */ = {
			isa = PBXGroup;
			children = (
				5979CE9E281A21A9004B44A2 /* IntroducaoSwiftUI.app */,
				5979CEB3281A21AB004B44A2 /* IntroducaoSwiftUITests.xctest */,
				5979CEBD281A21AB004B44A2 /* IntroducaoSwiftUIUITests.xctest */,
			);
			name = Products;
			sourceTree = "<group>";
		};
		5979CEA0281A21A9004B44A2 /* IntroducaoSwiftUI */ = {
			isa = PBXGroup;
			children = (
				5979CEA1281A21A9004B44A2 /* IntroducaoSwiftUIApp.swift */,
				5979CEA3281A21A9004B44A2 /* ContentView.swift */,
				5979CEA5281A21AB004B44A2 /* Assets.xcassets */,
				5979CEAA281A21AB004B44A2 /* Persistence.swift */,
				5979CEAC281A21AB004B44A2 /* IntroducaoSwiftUI.xcdatamodeld */,
				5979CEA7281A21AB004B44A2 /* Preview Content */,
			);
			path = IntroducaoSwiftUI;
			sourceTree = "<group>";
		};
		5979CEA7281A21AB004B44A2 /* Preview Content */ = {
			isa = PBXGroup;
			children = (
				5979CEA8281A21AB004B44A2 /* Preview Assets.xcassets */,
			);
			path = "Preview Content";
			sourceTree = "<group>";
		};
		5979CEB6281A21AB004B44A2 /* IntroducaoSwiftUITests */ = {
			isa = PBXGroup;
			children = (
				5979CEB7281A21AB004B44A2 /* IntroducaoSwiftUITests.swift */,
			);
			path = IntroducaoSwiftUITests;
			sourceTree = "<group>";
		};
		5979CEC0281A21AB004B44A2 /* IntroducaoSwiftUIUITests */ = {
			isa = PBXGroup;
			children = (
				5979CEC1281A21AB004B44A2 /* IntroducaoSwiftUIUITests.swift */,
				5979CEC3281A21AB004B44A2 /* IntroducaoSwiftUIUITestsLaunchTests.swift */,
			);
			path = IntroducaoSwiftUIUITests;
			sourceTree = "<group>";
		};
/* End PBXGroup section */

/* Begin PBXNativeTarget section */
		5979CE9D281A21A9004B44A2 /* IntroducaoSwiftUI */ = {
			isa = PBXNativeTarget;
			buildConfigurationList = 5979CEC7281A21AB004B44A2 /* Build configuration list for PBXNativeTarget "IntroducaoSwiftUI" */;
			buildPhases = (
				5979CE9A281A21A9004B44A2 /* Sources */,
				5979CE9B281A21A9004B44A2 /* Frameworks */,
				5979CE9C281A21A9004B44A2 /* Resources */,
			);
			buildRules = (
			);
			dependencies = (
			);
			name = IntroducaoSwiftUI;
			productName = IntroducaoSwiftUI;
			productReference = 5979CE9E281A21A9004B44A2 /* IntroducaoSwiftUI.app */;
			productType = "com.apple.product-type.application";
		};
		5979CEB2281A21AB004B44A2 /* IntroducaoSwiftUITests */ = {
			isa = PBXNativeTarget;
			buildConfigurationList = 5979CECA281A21AB004B44A2 /* Build configuration list for PBXNativeTarget "IntroducaoSwiftUITests" */;
			buildPhases = (
				5979CEAF281A21AB004B44A2 /* Sources */,
				5979CEB0281A21AB004B44A2 /* Frameworks */,
				5979CEB1281A21AB004B44A2 /* Resources */,
			);
			buildRules = (
			);
			dependencies = (
				5979CEB5281A21AB004B44A2 /* PBXTargetDependency */,
			);
			name = IntroducaoSwiftUITests;
			productName = IntroducaoSwiftUITests;
			productReference = 5979CEB3281A21AB004B44A2 /* IntroducaoSwiftUITests.xctest */;
			productType = "com.apple.product-type.bundle.unit-test";
		};
		5979CEBC281A21AB004B44A2 /* IntroducaoSwiftUIUITests */ = {
			isa = PBXNativeTarget;
			buildConfigurationList = 5979CECD281A21AB004B44A2 /* Build configuration list for PBXNativeTarget "IntroducaoSwiftUIUITests" */;
			buildPhases = (
				5979CEB9281A21AB004B44A2 /* Sources */,
				5979CEBA281A21AB004B44A2 /* Frameworks */,
				5979CEBB281A21AB004B44A2 /* Resources */,
			);
			buildRules = (
			);
			dependencies = (
				5979CEBF281A21AB004B44A2 /* PBXTargetDependency */,
			);
			name = IntroducaoSwiftUIUITests;
			productName = IntroducaoSwiftUIUITests;
			productReference = 5979CEBD281A21AB004B44A2 /* IntroducaoSwiftUIUITests.xctest */;
			productType = "com.apple.product-type.bundle.ui-testing";
		};
/* End PBXNativeTarget section */

/* Begin PBXProject section */
		5979CE96281A21A9004B44A2 /* Project object */ = {
			isa = PBXProject;
			attributes = {
				BuildIndependentTargetsInParallel = 1;
				LastSwiftUpdateCheck = 1330;
				LastUpgradeCheck = 1330;
				TargetAttributes = {
					5979CE9D281A21A9004B44A2 = {
						CreatedOnToolsVersion = 13.3.1;
					};
					5979CEB2281A21AB004B44A2 = {
						CreatedOnToolsVersion = 13.3.1;
						TestTargetID = 5979CE9D281A21A9004B44A2;
					};
					5979CEBC281A21AB004B44A2 = {
						CreatedOnToolsVersion = 13.3.1;
						TestTargetID = 5979CE9D281A21A9004B44A2;
					};
				};
			};
			buildConfigurationList = 5979CE99281A21A9004B44A2 /* Build configuration list for PBXProject "IntroducaoSwiftUI" */;
			compatibilityVersion = "Xcode 13.0";
			developmentRegion = en;
			hasScannedForEncodings = 0;
			knownRegions = (
				en,
				Base,
			);
			mainGroup = 5979CE95281A21A9004B44A2;
			productRefGroup = 5979CE9F281A21A9004B44A2 /* Products */;
			projectDirPath = "";
			projectRoot = "";
			targets = (
				5979CE9D281A21A9004B44A2 /* IntroducaoSwiftUI */,
				5979CEB2281A21AB004B44A2 /* IntroducaoSwiftUITests */,
				5979CEBC281A21AB004B44A2 /* IntroducaoSwiftUIUITests */,
			);
		};
/* End PBXProject section */

/* Begin PBXResourcesBuildPhase section */
		5979CE9C281A21A9004B44A2 /* Resources */ = {
			isa = PBXResourcesBuildPhase;
			buildActionMask = 2147483647;
			files = (
				5979CEA9281A21AB004B44A2 /* Preview Assets.xcassets in Resources */,
				5979CEA6281A21AB004B44A2 /* Assets.xcassets in Resources */,
			);
			runOnlyForDeploymentPostprocessing = 0;
		};
		5979CEB1281A21AB004B44A2 /* Resources */ = {
			isa = PBXResourcesBuildPhase;
			buildActionMask = 2147483647;
			files = (
			);
			runOnlyForDeploymentPostprocessing = 0;
		};
		5979CEBB281A21AB004B44A2 /* Resources */ = {
			isa = PBXResourcesBuildPhase;
			buildActionMask = 2147483647;
			files = (
			);
			runOnlyForDeploymentPostprocessing = 0;
		};
/* End PBXResourcesBuildPhase section */

/* Begin PBXSourcesBuildPhase section */
		5979CE9A281A21A9004B44A2 /* Sources */ = {
			isa = PBXSourcesBuildPhase;
			buildActionMask = 2147483647;
			files = (
				5979CEAB281A21AB004B44A2 /* Persistence.swift in Sources */,
				5979CEAE281A21AB004B44A2 /* IntroducaoSwiftUI.xcdatamodeld in Sources */,
				5979CEA4281A21A9004B44A2 /* ContentView.swift in Sources */,
				5979CEA2281A21A9004B44A2 /* IntroducaoSwiftUIApp.swift in Sources */,
			);
			runOnlyForDeploymentPostprocessing = 0;
		};
		5979CEAF281A21AB004B44A2 /* Sources */ = {
			isa = PBXSourcesBuildPhase;
			buildActionMask = 2147483647;
			files = (
				5979CEB8281A21AB004B44A2 /* IntroducaoSwiftUITests.swift in Sources */,
			);
			runOnlyForDeploymentPostprocessing = 0;
		};
		5979CEB9281A21AB004B44A2 /* Sources */ = {
			isa = PBXSourcesBuildPhase;
			buildActionMask = 2147483647;
			files = (
				5979CEC4281A21AB004B44A2 /* IntroducaoSwiftUIUITestsLaunchTests.swift in Sources */,
				5979CEC2281A21AB004B44A2 /* IntroducaoSwiftUIUITests.swift in Sources */,
			);
			runOnlyForDeploymentPostprocessing = 0;
		};
/* End PBXSourcesBuildPhase section */

/* Begin PBXTargetDependency section */
		5979CEB5281A21AB004B44A2 /* PBXTargetDependency */ = {
			isa = PBXTargetDependency;
			target = 5979CE9D281A21A9004B44A2 /* IntroducaoSwiftUI */;
			targetProxy = 5979CEB4281A21AB004B44A2 /* PBXContainerItemProxy */;
		};
		5979CEBF281A21AB004B44A2 /* PBXTargetDependency */ = {
			isa = PBXTargetDependency;
			target = 5979CE9D281A21A9004B44A2 /* IntroducaoSwiftUI */;
			targetProxy = 5979CEBE281A21AB004B44A2 /* PBXContainerItemProxy */;
		};
/* End PBXTargetDependency section */

/* Begin XCBuildConfiguration section */
		5979CEC5281A21AB004B44A2 /* Debug */ = {
			isa = XCBuildConfiguration;
			buildSettings = {
				ALWAYS_SEARCH_USER_PATHS = NO;
				CLANG_ANALYZER_NONNULL = YES;
				CLANG_ANALYZER_NUMBER_OBJECT_CONVERSION = YES_AGGRESSIVE;
				CLANG_CXX_LANGUAGE_STANDARD = "gnu++17";
				CLANG_ENABLE_MODULES = YES;
				CLANG_ENABLE_OBJC_ARC = YES;
				CLANG_ENABLE_OBJC_WEAK = YES;
				CLANG_WARN_BLOCK_CAPTURE_AUTORELEASING = YES;
				CLANG_WARN_BOOL_CONVERSION = YES;
				CLANG_WARN_COMMA = YES;
				CLANG_WARN_CONSTANT_CONVERSION = YES;
				CLANG_WARN_DEPRECATED_OBJC_IMPLEMENTATIONS = YES;
				CLANG_WARN_DIRECT_OBJC_ISA_USAGE = YES_ERROR;
				CLANG_WARN_DOCUMENTATION_COMMENTS = YES;
				CLANG_WARN_EMPTY_BODY = YES;
				CLANG_WARN_ENUM_CONVERSION = YES;
				CLANG_WARN_INFINITE_RECURSION = YES;
				CLANG_WARN_INT_CONVERSION = YES;
				CLANG_WARN_NON_LITERAL_NULL_CONVERSION = YES;
				CLANG_WARN_OBJC_IMPLICIT_RETAIN_SELF = YES;
				CLANG_WARN_OBJC_LITERAL_CONVERSION = YES;
				CLANG_WARN_OBJC_ROOT_CLASS = YES_ERROR;
				CLANG_WARN_QUOTED_INCLUDE_IN_FRAMEWORK_HEADER = YES;
				CLANG_WARN_RANGE_LOOP_ANALYSIS = YES;
				CLANG_WARN_STRICT_PROTOTYPES = YES;
				CLANG_WARN_SUSPICIOUS_MOVE = YES;
				CLANG_WARN_UNGUARDED_AVAILABILITY = YES_AGGRESSIVE;
				CLANG_WARN_UNREACHABLE_CODE = YES;
				CLANG_WARN__DUPLICATE_METHOD_MATCH = YES;
				COPY_PHASE_STRIP = NO;
				DEBUG_INFORMATION_FORMAT = dwarf;
				ENABLE_STRICT_OBJC_MSGSEND = YES;
				ENABLE_TESTABILITY = YES;
				GCC_C_LANGUAGE_STANDARD = gnu11;
				GCC_DYNAMIC_NO_PIC = NO;
				GCC_NO_COMMON_BLOCKS = YES;
				GCC_OPTIMIZATION_LEVEL = 0;
				GCC_PREPROCESSOR_DEFINITIONS = (
					"DEBUG=1",
					"$(inherited)",
				);
				GCC_WARN_64_TO_32_BIT_CONVERSION = YES;
				GCC_WARN_ABOUT_RETURN_TYPE = YES_ERROR;
				GCC_WARN_UNDECLARED_SELECTOR = YES;
				GCC_WARN_UNINITIALIZED_AUTOS = YES_AGGRESSIVE;
				GCC_WARN_UNUSED_FUNCTION = YES;
				GCC_WARN_UNUSED_VARIABLE = YES;
				IPHONEOS_DEPLOYMENT_TARGET = 15.4;
				MTL_ENABLE_DEBUG_INFO = INCLUDE_SOURCE;
				MTL_FAST_MATH = YES;
				ONLY_ACTIVE_ARCH = YES;
				SDKROOT = iphoneos;
				SWIFT_ACTIVE_COMPILATION_CONDITIONS = DEBUG;
				SWIFT_OPTIMIZATION_LEVEL = "-Onone";
			};
			name = Debug;
		};
		5979CEC6281A21AB004B44A2 /* Release */ = {
			isa = XCBuildConfiguration;
			buildSettings = {
				ALWAYS_SEARCH_USER_PATHS = NO;
				CLANG_ANALYZER_NONNULL = YES;
				CLANG_ANALYZER_NUMBER_OBJECT_CONVERSION = YES_AGGRESSIVE;
				CLANG_CXX_LANGUAGE_STANDARD = "gnu++17";
				CLANG_ENABLE_MODULES = YES;
				CLANG_ENABLE_OBJC_ARC = YES;
				CLANG_ENABLE_OBJC_WEAK = YES;
				CLANG_WARN_BLOCK_CAPTURE_AUTORELEASING = YES;
				CLANG_WARN_BOOL_CONVERSION = YES;
				CLANG_WARN_COMMA = YES;
				CLANG_WARN_CONSTANT_CONVERSION = YES;
				CLANG_WARN_DEPRECATED_OBJC_IMPLEMENTATIONS = YES;
				CLANG_WARN_DIRECT_OBJC_ISA_USAGE = YES_ERROR;
				CLANG_WARN_DOCUMENTATION_COMMENTS = YES;
				CLANG_WARN_EMPTY_BODY = YES;
				CLANG_WARN_ENUM_CONVERSION = YES;
				CLANG_WARN_INFINITE_RECURSION = YES;
				CLANG_WARN_INT_CONVERSION = YES;
				CLANG_WARN_NON_LITERAL_NULL_CONVERSION = YES;
				CLANG_WARN_OBJC_IMPLICIT_RETAIN_SELF = YES;
				CLANG_WARN_OBJC_LITERAL_CONVERSION = YES;
				CLANG_WARN_OBJC_ROOT_CLASS = YES_ERROR;
				CLANG_WARN_QUOTED_INCLUDE_IN_FRAMEWORK_HEADER = YES;
				CLANG_WARN_RANGE_LOOP_ANALYSIS = YES;
				CLANG_WARN_STRICT_PROTOTYPES = YES;
				CLANG_WARN_SUSPICIOUS_MOVE = YES;
				CLANG_WARN_UNGUARDED_AVAILABILITY = YES_AGGRESSIVE;
				CLANG_WARN_UNREACHABLE_CODE = YES;
				CLANG_WARN__DUPLICATE_METHOD_MATCH = YES;
				COPY_PHASE_STRIP = NO;
				DEBUG_INFORMATION_FORMAT = "dwarf-with-dsym";
				ENABLE_NS_ASSERTIONS = NO;
				ENABLE_STRICT_OBJC_MSGSEND = YES;
				GCC_C_LANGUAGE_STANDARD = gnu11;
				GCC_NO_COMMON_BLOCKS = YES;
				GCC_WARN_64_TO_32_BIT_CONVERSION = YES;
				GCC_WARN_ABOUT_RETURN_TYPE = YES_ERROR;
				GCC_WARN_UNDECLARED_SELECTOR = YES;
				GCC_WARN_UNINITIALIZED_AUTOS = YES_AGGRESSIVE;
				GCC_WARN_UNUSED_FUNCTION = YES;
				GCC_WARN_UNUSED_VARIABLE = YES;
				IPHONEOS_DEPLOYMENT_TARGET = 15.4;
				MTL_ENABLE_DEBUG_INFO = NO;
				MTL_FAST_MATH = YES;
				SDKROOT = iphoneos;
				SWIFT_COMPILATION_MODE = wholemodule;
				SWIFT_OPTIMIZATION_LEVEL = "-O";
				VALIDATE_PRODUCT = YES;
			};
			name = Release;
		};
		5979CEC8281A21AB004B44A2 /* Debug */ = {
			isa = XCBuildConfiguration;
			buildSettings = {
				ASSETCATALOG_COMPILER_APPICON_NAME = AppIcon;
				ASSETCATALOG_COMPILER_GLOBAL_ACCENT_COLOR_NAME = AccentColor;
				CODE_SIGN_STYLE = Automatic;
				CURRENT_PROJECT_VERSION = 1;
				DEVELOPMENT_ASSET_PATHS = "\"IntroducaoSwiftUI/Preview Content\"";
				DEVELOPMENT_TEAM = 8A5455B8KE;
				ENABLE_PREVIEWS = YES;
				GENERATE_INFOPLIST_FILE = YES;
				INFOPLIST_KEY_UIApplicationSceneManifest_Generation = YES;
				INFOPLIST_KEY_UIApplicationSupportsIndirectInputEvents = YES;
				INFOPLIST_KEY_UILaunchScreen_Generation = YES;
				INFOPLIST_KEY_UISupportedInterfaceOrientations_iPad = "UIInterfaceOrientationPortrait UIInterfaceOrientationPortraitUpsideDown UIInterfaceOrientationLandscapeLeft UIInterfaceOrientationLandscapeRight";
				INFOPLIST_KEY_UISupportedInterfaceOrientations_iPhone = "UIInterfaceOrientationPortrait UIInterfaceOrientationLandscapeLeft UIInterfaceOrientationLandscapeRight";
				LD_RUNPATH_SEARCH_PATHS = (
					"$(inherited)",
					"@executable_path/Frameworks",
				);
				MARKETING_VERSION = 1.0;
				PRODUCT_BUNDLE_IDENTIFIER = com.renanalves.IntroducaoSwiftUI;
				PRODUCT_NAME = "$(TARGET_NAME)";
				SWIFT_EMIT_LOC_STRINGS = YES;
				SWIFT_VERSION = 5.0;
				TARGETED_DEVICE_FAMILY = "1,2";
			};
			name = Debug;
		};
		5979CEC9281A21AB004B44A2 /* Release */ = {
			isa = XCBuildConfiguration;
			buildSettings = {
				ASSETCATALOG_COMPILER_APPICON_NAME = AppIcon;
				ASSETCATALOG_COMPILER_GLOBAL_ACCENT_COLOR_NAME = AccentColor;
				CODE_SIGN_STYLE = Automatic;
				CURRENT_PROJECT_VERSION = 1;
				DEVELOPMENT_ASSET_PATHS = "\"IntroducaoSwiftUI/Preview Content\"";
				DEVELOPMENT_TEAM = 8A5455B8KE;
				ENABLE_PREVIEWS = YES;
				GENERATE_INFOPLIST_FILE = YES;
				INFOPLIST_KEY_UIApplicationSceneManifest_Generation = YES;
				INFOPLIST_KEY_UIApplicationSupportsIndirectInputEvents = YES;
				INFOPLIST_KEY_UILaunchScreen_Generation = YES;
				INFOPLIST_KEY_UISupportedInterfaceOrientations_iPad = "UIInterfaceOrientationPortrait UIInterfaceOrientationPortraitUpsideDown UIInterfaceOrientationLandscapeLeft UIInterfaceOrientationLandscapeRight";
				INFOPLIST_KEY_UISupportedInterfaceOrientations_iPhone = "UIInterfaceOrientationPortrait UIInterfaceOrientationLandscapeLeft UIInterfaceOrientationLandscapeRight";
				LD_RUNPATH_SEARCH_PATHS = (
					"$(inherited)",
					"@executable_path/Frameworks",
				);
				MARKETING_VERSION = 1.0;
				PRODUCT_BUNDLE_IDENTIFIER = com.renanalves.IntroducaoSwiftUI;
				PRODUCT_NAME = "$(TARGET_NAME)";
				SWIFT_EMIT_LOC_STRINGS = YES;
				SWIFT_VERSION = 5.0;
				TARGETED_DEVICE_FAMILY = "1,2";
			};
			name = Release;
		};
		5979CECB281A21AB004B44A2 /* Debug */ = {
			isa = XCBuildConfiguration;
			buildSettings = {
				ALWAYS_EMBED_SWIFT_STANDARD_LIBRARIES = YES;
				BUNDLE_LOADER = "$(TEST_HOST)";
				CODE_SIGN_STYLE = Automatic;
				CURRENT_PROJECT_VERSION = 1;
				DEVELOPMENT_TEAM = 8A5455B8KE;
				GENERATE_INFOPLIST_FILE = YES;
				IPHONEOS_DEPLOYMENT_TARGET = 15.4;
				MARKETING_VERSION = 1.0;
				PRODUCT_BUNDLE_IDENTIFIER = com.renanalves.IntroducaoSwiftUITests;
				PRODUCT_NAME = "$(TARGET_NAME)";
				SWIFT_EMIT_LOC_STRINGS = NO;
				SWIFT_VERSION = 5.0;
				TARGETED_DEVICE_FAMILY = "1,2";
				TEST_HOST = "$(BUILT_PRODUCTS_DIR)/IntroducaoSwiftUI.app/IntroducaoSwiftUI";
			};
			name = Debug;
		};
		5979CECC281A21AB004B44A2 /* Release */ = {
			isa = XCBuildConfiguration;
			buildSettings = {
				ALWAYS_EMBED_SWIFT_STANDARD_LIBRARIES = YES;
				BUNDLE_LOADER = "$(TEST_HOST)";
				CODE_SIGN_STYLE = Automatic;
				CURRENT_PROJECT_VERSION = 1;
				DEVELOPMENT_TEAM = 8A5455B8KE;
				GENERATE_INFOPLIST_FILE = YES;
				IPHONEOS_DEPLOYMENT_TARGET = 15.4;
				MARKETING_VERSION = 1.0;
				PRODUCT_BUNDLE_IDENTIFIER = com.renanalves.IntroducaoSwiftUITests;
				PRODUCT_NAME = "$(TARGET_NAME)";
				SWIFT_EMIT_LOC_STRINGS = NO;
				SWIFT_VERSION = 5.0;
				TARGETED_DEVICE_FAMILY = "1,2";
				TEST_HOST = "$(BUILT_PRODUCTS_DIR)/IntroducaoSwiftUI.app/IntroducaoSwiftUI";
			};
			name = Release;
		};
		5979CECE281A21AB004B44A2 /* Debug */ = {
			isa = XCBuildConfiguration;
			buildSettings = {
				ALWAYS_EMBED_SWIFT_STANDARD_LIBRARIES = YES;
				CODE_SIGN_STYLE = Automatic;
				CURRENT_PROJECT_VERSION = 1;
				DEVELOPMENT_TEAM = 8A5455B8KE;
				GENERATE_INFOPLIST_FILE = YES;
				MARKETING_VERSION = 1.0;
				PRODUCT_BUNDLE_IDENTIFIER = com.renanalves.IntroducaoSwiftUIUITests;
				PRODUCT_NAME = "$(TARGET_NAME)";
				SWIFT_EMIT_LOC_STRINGS = NO;
				SWIFT_VERSION = 5.0;
				TARGETED_DEVICE_FAMILY = "1,2";
				TEST_TARGET_NAME = IntroducaoSwiftUI;
			};
			name = Debug;
		};
		5979CECF281A21AB004B44A2 /* Release */ = {
			isa = XCBuildConfiguration;
			buildSettings = {
				ALWAYS_EMBED_SWIFT_STANDARD_LIBRARIES = YES;
				CODE_SIGN_STYLE = Automatic;
				CURRENT_PROJECT_VERSION = 1;
				DEVELOPMENT_TEAM = 8A5455B8KE;
				GENERATE_INFOPLIST_FILE = YES;
				MARKETING_VERSION = 1.0;
				PRODUCT_BUNDLE_IDENTIFIER = com.renanalves.IntroducaoSwiftUIUITests;
				PRODUCT_NAME = "$(TARGET_NAME)";
				SWIFT_EMIT_LOC_STRINGS = NO;
				SWIFT_VERSION = 5.0;
				TARGETED_DEVICE_FAMILY = "1,2";
				TEST_TARGET_NAME = IntroducaoSwiftUI;
			};
			name = Release;
		};
/* End XCBuildConfiguration section */

/* Begin XCConfigurationList section */
		5979CE99281A21A9004B44A2 /* Build configuration list for PBXProject "IntroducaoSwiftUI" */ = {
			isa = XCConfigurationList;
			buildConfigurations = (
				5979CEC5281A21AB004B44A2 /* Debug */,
				5979CEC6281A21AB004B44A2 /* Release */,
			);
			defaultConfigurationIsVisible = 0;
			defaultConfigurationName = Release;
		};
		5979CEC7281A21AB004B44A2 /* Build configuration list for PBXNativeTarget "IntroducaoSwiftUI" */ = {
			isa = XCConfigurationList;
			buildConfigurations = (
				5979CEC8281A21AB004B44A2 /* Debug */,
				5979CEC9281A21AB004B44A2 /* Release */,
			);
			defaultConfigurationIsVisible = 0;
			defaultConfigurationName = Release;
		};
		5979CECA281A21AB004B44A2 /* Build configuration list for PBXNativeTarget "IntroducaoSwiftUITests" */ = {
			isa = XCConfigurationList;
			buildConfigurations = (
				5979CECB281A21AB004B44A2 /* Debug */,
				5979CECC281A21AB004B44A2 /* Release */,
			);
			defaultConfigurationIsVisible = 0;
			defaultConfigurationName = Release;
		};
		5979CECD281A21AB004B44A2 /* Build configuration list for PBXNativeTarget "IntroducaoSwiftUIUITests" */ = {
			isa = XCConfigurationList;
			buildConfigurations = (
				5979CECE281A21AB004B44A2 /* Debug */,
				5979CECF281A21AB004B44A2 /* Release */,
			);
			defaultConfigurationIsVisible = 0;
			defaultConfigurationName = Release;
		};
/* End XCConfigurationList section */

/* Begin XCVersionGroup section */
		5979CEAC281A21AB004B44A2 /* IntroducaoSwiftUI.xcdatamodeld */ = {
			isa = XCVersionGroup;
			children = (
				5979CEAD281A21AB004B44A2 /* IntroducaoSwiftUI.xcdatamodel */,
			);
			currentVersion = 5979CEAD281A21AB004B44A2 /* IntroducaoSwiftUI.xcdatamodel */;
			path = IntroducaoSwiftUI.xcdatamodeld;
			sourceTree = "<group>";
			versionGroupType = wrapper.xcdatamodel;
		};
/* End XCVersionGroup section */
	};
	rootObject = 5979CE96281A21A9004B44A2 /* Project object */;
}
